// !$*UTF8*$!
{
	archiveVersion = 1;
	classes = {
	};
	objectVersion = 46;
	objects = {

/* Begin PBXBuildFile section */
		018CAA6235C89F52CFC01B07 /* AudioMixerEngine.swift in Sources */ = {isa = PBXBuildFile; fileRef = BC10D0A5750CEFF34FDCDC8F /* AudioMixerEngine.swift */; };
		09951724AF523FF98893F711 /* voiture1.m4a in Resources */ = {isa = PBXBuildFile; fileRef = 4C8C3A170B4DA72F8541E26C /* voiture1.m4a */; };
		09C870F6FF320B669C9A60F9 /* SoundDetailSheet.swift in Sources */ = {isa = PBXBuildFile; fileRef = 2BE03C7649E4B3E0F242E50E /* SoundDetailSheet.swift */; };
		0CB8B25FDB504DC9E13C0DB2 /* RevenueCat in Frameworks */ = {isa = PBXBuildFile; productRef = 7C8DDDA9E28DD9B3122F33F2 /* RevenueCat */; };
		156323EB069E4D792AE2738C /* PremiumRevenueCatService.swift in Sources */ = {isa = PBXBuildFile; fileRef = E756C8AED07FFEFD21444F97 /* PremiumRevenueCatService.swift */; };
		17B692345085C273F34AA172 /* Foundation.framework in Frameworks */ = {isa = PBXBuildFile; fileRef = 0788EED7D917D4CA2DDC19DC /* Foundation.framework */; };
		20BA926931F07D0FF28E3A6E /* OasisNativeScreenshots.swift in Sources */ = {isa = PBXBuildFile; fileRef = 73D34D145596578939968746 /* OasisNativeScreenshots.swift */; };
		291A616A252FB7F43016492F /* PressScaleButtonStyle.swift in Sources */ = {isa = PBXBuildFile; fileRef = 62D647C0F615B319177F3262 /* PressScaleButtonStyle.swift */; };
		30AAF88E51B4709F29341FAD /* OasisNativeApp.swift in Sources */ = {isa = PBXBuildFile; fileRef = EFEFA4553863FC549E3A2CFF /* OasisNativeApp.swift */; };
		33C1EA977B3A09EEC5561E2D /* HomeHeaderView.swift in Sources */ = {isa = PBXBuildFile; fileRef = 5F1C1215CDF820BA976A9460 /* HomeHeaderView.swift */; };
		34EB25E19B33EFCEADB3BF85 /* HapticSlider.swift in Sources */ = {isa = PBXBuildFile; fileRef = B7C616789153B0EEB5A5CF60 /* HapticSlider.swift */; };
		35014749B2BBA10F486D2C23 /* jungleasie1.m4a in Resources */ = {isa = PBXBuildFile; fileRef = 6E53CAB777B6221C4C4A8207 /* jungleasie1.m4a */; };
		361AB1318121F4F1820DB898 /* Assets.xcassets in Resources */ = {isa = PBXBuildFile; fileRef = 13A32B6CD93973B7DF6857D6 /* Assets.xcassets */; };
		3836C9841F63CCC07CE1B5D0 /* RootView.swift in Sources */ = {isa = PBXBuildFile; fileRef = E588046940FD011C9401D675 /* RootView.swift */; };
		3A893EAD6FD566C0FFA1AFC1 /* PremiumModels.swift in Sources */ = {isa = PBXBuildFile; fileRef = 3316CC16F2618A053B405F6C /* PremiumModels.swift */; };
		3F319598F910780858D5E9E3 /* TimeOfDayTint.swift in Sources */ = {isa = PBXBuildFile; fileRef = 449A619479A1852D5EBFC04D /* TimeOfDayTint.swift */; };
		41F6AFCC06B3128F22B2B8D1 /* BottomBarView.swift in Sources */ = {isa = PBXBuildFile; fileRef = DE4FFFCF5FAEF968DA38F701 /* BottomBarView.swift */; };
		436AEBDE4C1D0895E983321C /* riviere1.m4a in Resources */ = {isa = PBXBuildFile; fileRef = 45A7C3872B29C14CFBC20667 /* riviere1.m4a */; };
		489CF80EBEB15E860D5B8F0B /* icon.json in Resources */ = {isa = PBXBuildFile; fileRef = DB54A1D89AAA1105922C623E /* icon.json */; };
		4993BE413885765A9B5F9F8B /* TelemetryDeckAnalyticsSink.swift in Sources */ = {isa = PBXBuildFile; fileRef = 420E27669DB865B8672A16D9 /* TelemetryDeckAnalyticsSink.swift */; };
		4C938E37EFD06BE25CA5F508 /* SceneCoordinator.swift in Sources */ = {isa = PBXBuildFile; fileRef = 37C3439D584F8A6935D35AE6 /* SceneCoordinator.swift */; };
		4DFF47C0E39E08B8CBE842C7 /* savane1.m4a in Resources */ = {isa = PBXBuildFile; fileRef = 0D407158319A8B558DF5C901 /* savane1.m4a */; };
		51062CEC627D71D8A32CB79F /* PremiumCoordinator.swift in Sources */ = {isa = PBXBuildFile; fileRef = 9EB62FB327155750B1701B6B /* PremiumCoordinator.swift */; };
		524912315B53ECCBF9C3782B /* lac1.m4a in Resources */ = {isa = PBXBuildFile; fileRef = E486F82291B38CA5DBE856C9 /* lac1.m4a */; };
		5254350BE7E0B95A0E37E082 /* AnimatedLiquidAura.swift in Sources */ = {isa = PBXBuildFile; fileRef = D6DD348AD0542C2A156AE652 /* AnimatedLiquidAura.swift */; };
		53381256EB1891D40586247C /* cigales1.m4a in Resources */ = {isa = PBXBuildFile; fileRef = B24D551183915A31C2EBC6F5 /* cigales1.m4a */; };
		586783F7D004C6EA66080EBE /* RoutePickerView.swift in Sources */ = {isa = PBXBuildFile; fileRef = 0A2C9328FA528E3D65CAF3E0 /* RoutePickerView.swift */; };
		58915480B777EF2EAE98DAE3 /* oasis logo 3.png in Resources */ = {isa = PBXBuildFile; fileRef = 9B8768B33B93BB3D8A6C2804 /* oasis logo 3.png */; };
		6057EED7494F1302AF1B1EA0 /* PremiumAnalytics.swift in Sources */ = {isa = PBXBuildFile; fileRef = A7CF86900EAE2E8AF7ED3330 /* PremiumAnalytics.swift */; };
		6095BD9DEB4222C450C32059 /* plage1.m4a in Resources */ = {isa = PBXBuildFile; fileRef = B7955AC2E7E56342F3E8F0A4 /* plage1.m4a */; };
		61D7353AFA9D61C9508049BD /* campfire1.m4a in Resources */ = {isa = PBXBuildFile; fileRef = B247C97840A3DF8B95297EBC /* campfire1.m4a */; };
		6A80014C7F5980A4F8780082 /* cafe1.m4a in Resources */ = {isa = PBXBuildFile; fileRef = F2C6FB520E66F257EB0DD844 /* cafe1.m4a */; };
		6D47266905425B4850040EAD /* 4_binaural_focus_beta.m4a in Resources */ = {isa = PBXBuildFile; fileRef = 7B997DFCA0BA8223557451D9 /* 4_binaural_focus_beta.m4a */; };
		7030FB31F9E4802ED5144FA2 /* SpatialAudioPanel.swift in Sources */ = {isa = PBXBuildFile; fileRef = 01145FC9FC9799648F23E982 /* SpatialAudioPanel.swift */; };
		7209D7C111D297B40B64826E /* 1_binaural_sleep_delta.m4a in Resources */ = {isa = PBXBuildFile; fileRef = 7790343241FE31630BE1AA26 /* 1_binaural_sleep_delta.m4a */; };
		786C748676CCFFE4EBAF7E1B /* SceneCard.swift in Sources */ = {isa = PBXBuildFile; fileRef = 69040A79F8092B7267BB6795 /* SceneCard.swift */; };
		7996AC90C1C546FA6EE9B623 /* L10n.swift in Sources */ = {isa = PBXBuildFile; fileRef = F009F48BD58CE30F57F844E9 /* L10n.swift */; };
		7EA74E37BF782D80C07A9373 /* orage1.m4a in Resources */ = {isa = PBXBuildFile; fileRef = 0454AB4ABDA4DE8B5CF796CD /* orage1.m4a */; };
		83E1329B5D5928F7F3F3F8CD /* PaywallOverlay.swift in Sources */ = {isa = PBXBuildFile; fileRef = 9128C4BC4742EB26560F51B7 /* PaywallOverlay.swift */; };
		86B5F247EFD6357320AD493F /* vent1.m4a in Resources */ = {isa = PBXBuildFile; fileRef = 5F9F24B8B870FE0AADB25875 /* vent1.m4a */; };
		8903ABB417DD8B12C39D6542 /* tente1.m4a in Resources */ = {isa = PBXBuildFile; fileRef = E6B864F6B79E22965F0B78B8 /* tente1.m4a */; };
		8EDF1ABF393F799056416AC6 /* HomeView.swift in Sources */ = {isa = PBXBuildFile; fileRef = 476FE7B1648D405AFB299CE7 /* HomeView.swift */; };
		90CD80A0A90E05E28C13477A /* AppConfiguration.swift in Sources */ = {isa = PBXBuildFile; fileRef = 8BFBA520D6F6226B9E3AE4D7 /* AppConfiguration.swift */; };
		9596F071FF9AD4B21DE73E7A /* LiquidAuraBackdrop.swift in Sources */ = {isa = PBXBuildFile; fileRef = 78BFAD58D452E7B152263F4A /* LiquidAuraBackdrop.swift */; };
		99947A863AA72964F689C767 /* ville1.m4a in Resources */ = {isa = PBXBuildFile; fileRef = C38B6CB3124C3B6695CE89B5 /* ville1.m4a */; };
		A048630F2AA2E9104CDFD099 /* EntryRitual.swift in Sources */ = {isa = PBXBuildFile; fileRef = 67EDC1E0F97A1B183E05C61B /* EntryRitual.swift */; };
		A0A6884AF450E0BC43B7B626 /* GlassSurfaces.swift in Sources */ = {isa = PBXBuildFile; fileRef = 61390835F6B632F4030B67C5 /* GlassSurfaces.swift */; };
		A0F8F7E64B9D08BDD40157AE /* ImmersionBackdrop.swift in Sources */ = {isa = PBXBuildFile; fileRef = 13B183A0DF1E50A60622672D /* ImmersionBackdrop.swift */; };
		A35B3517157EFBD437BF1EE8 /* grillons1.m4a in Resources */ = {isa = PBXBuildFile; fileRef = 30CACFEBBA45350B03AF8630 /* grillons1.m4a */; };
		A6143D360F78A0E935C48BCA /* ParticleField.swift in Sources */ = {isa = PBXBuildFile; fileRef = 856E5D3396AC8931AAC750C9 /* ParticleField.swift */; };
		AC233FA3B5C2CDF71D4A3A01 /* RevenueCatUI in Frameworks */ = {isa = PBXBuildFile; productRef = 26294725060B13F4E622C84F /* RevenueCatUI */; };
		AFB633093E17E77C4BB1D5E4 /* OasisNativePremiumFlowTests.swift in Sources */ = {isa = PBXBuildFile; fileRef = 425DC213F25D5D809E3A793C /* OasisNativePremiumFlowTests.swift */; };
		B2DA1AF4C8D6D924730B07F8 /* SceneNarrative.swift in Sources */ = {isa = PBXBuildFile; fileRef = C935AF7B3F965A1DF942A710 /* SceneNarrative.swift */; };
		B45D0C39C0E2ED6EB2C7234D /* Scene.swift in Sources */ = {isa = PBXBuildFile; fileRef = C09DFB56717EAC218457687F /* Scene.swift */; };
		B5A0566F6B8E88E0CAE429A9 /* BinauralPanel.swift in Sources */ = {isa = PBXBuildFile; fileRef = 6B5DFFBA8BF5AEFD5BFAFC1A /* BinauralPanel.swift */; };
		B66768316EC8FC087012A11D /* AnimatedBackdrop.swift in Sources */ = {isa = PBXBuildFile; fileRef = 2A88ED8EDEC6223DCC78370A /* AnimatedBackdrop.swift */; };
		B6B134E063FE9269A46FA0E8 /* PresetsPanel.swift in Sources */ = {isa = PBXBuildFile; fileRef = 278D0B9750ED6A928644F674 /* PresetsPanel.swift */; };
		B8B5D0F8EB8B64F11A5F9664 /* TonalBedSynth.swift in Sources */ = {isa = PBXBuildFile; fileRef = 536B4BA266E4FAA113DD402E /* TonalBedSynth.swift */; };
		B9A1223F343A1571DF8EDC34 /* AppModel.swift in Sources */ = {isa = PBXBuildFile; fileRef = 7B3F10F8D47DEB074D5C33D5 /* AppModel.swift */; };
		BAB99538D3EF41D54A096F74 /* 3_binaural_relax_alpha.m4a in Resources */ = {isa = PBXBuildFile; fileRef = ED9D4907E56130B75AACCDFF /* 3_binaural_relax_alpha.m4a */; };
		BD9B11497373B33393A3F23D /* Foundation.framework in Frameworks */ = {isa = PBXBuildFile; fileRef = 0788EED7D917D4CA2DDC19DC /* Foundation.framework */; };
		BF4EB2C8A41E5B691DDFCE78 /* TimerUnlockPanel.swift in Sources */ = {isa = PBXBuildFile; fileRef = 55D9EF994711D9793E7DF75B /* TimerUnlockPanel.swift */; };
		C0A7C2FBC292319F23AAC53F /* oiseaux1.m4a in Resources */ = {isa = PBXBuildFile; fileRef = E6C6E0B636793FE641501D68 /* oiseaux1.m4a */; };
		C8C3150030F1ABD08F1F8338 /* oasisLogo.png in Resources */ = {isa = PBXBuildFile; fileRef = 79F3D30E9F8E92CBC8CE75DC /* oasisLogo.png */; };
		C8DEBA6FE7EEDD36498EBCA1 /* train1.m4a in Resources */ = {isa = PBXBuildFile; fileRef = 86EFA38DE29CE7835A7AD2F3 /* train1.m4a */; };
		C8E8F26CCF675D1FA2D90272 /* MixerBoardSectionView.swift in Sources */ = {isa = PBXBuildFile; fileRef = E517142F41BF246E0AF3AD3B /* MixerBoardSectionView.swift */; };
		CB2DD3F26F59BA743AA92CCD /* AppModels.swift in Sources */ = {isa = PBXBuildFile; fileRef = 986933AF7F4445BB359C67A0 /* AppModels.swift */; };
		CD59CBDA9E260E997BF67DB3 /* jungleamerique1.m4a in Resources */ = {isa = PBXBuildFile; fileRef = 98F6B6516D035D6ECBE465AB /* jungleamerique1.m4a */; };
		CE3B8F4A7BB27226285B1A04 /* OnboardingView.swift in Sources */ = {isa = PBXBuildFile; fileRef = 58648E05BB5AD7D680DDC6F6 /* OnboardingView.swift */; };
		D658E14B60A3255EA4DACC90 /* SnapshotHelper.swift in Sources */ = {isa = PBXBuildFile; fileRef = AAE85427D4BE12B1114C4D9E /* SnapshotHelper.swift */; };
		DDD5322FE50C9F54CC8FFBE1 /* 2_binaural_meditation_theta.m4a in Resources */ = {isa = PBXBuildFile; fileRef = 1AAC4A31CFF2720C4214C470 /* 2_binaural_meditation_theta.m4a */; };
		DFC717F898BBE29BC4F66BD8 /* Localizable.xcstrings in Resources */ = {isa = PBXBuildFile; fileRef = 79B322D3948974A8D3A091D9 /* Localizable.xcstrings */; };
		E8C76332300AB2EBB377A929 /* pluie1.m4a in Resources */ = {isa = PBXBuildFile; fileRef = C05CFB06A6C741DAAEC51140 /* pluie1.m4a */; };
		E97C32F27E21FE4A895D4057 /* LiquidActivityPalette.swift in Sources */ = {isa = PBXBuildFile; fileRef = 396C15B2B0394B920DCAA420 /* LiquidActivityPalette.swift */; };
		EAEB2CDA969719AD7035B96A /* foret1.m4a in Resources */ = {isa = PBXBuildFile; fileRef = 3CA3A4F7E964813F18043D5D /* foret1.m4a */; };
		EC7A869872F255488DB44B06 /* goelants1.m4a in Resources */ = {isa = PBXBuildFile; fileRef = 2E5B56BC46BD764D62C051D4 /* goelants1.m4a */; };
		F2B972C3C77E1416466587BE /* LiquidAuraShaders.metal in Sources */ = {isa = PBXBuildFile; fileRef = 3C934A0BCB32BD0E433A4812 /* LiquidAuraShaders.metal */; };
		FADB4CF755AD62ADFF987902 /* PremiumSurfaces.swift in Sources */ = {isa = PBXBuildFile; fileRef = C5063E991F85D47A8741D5A2 /* PremiumSurfaces.swift */; };
		FC7112DFC9111101EBF8FFFC /* SoundChannelMetadata.swift in Sources */ = {isa = PBXBuildFile; fileRef = 95318DF962FC64378DC898D2 /* SoundChannelMetadata.swift */; };
/* End PBXBuildFile section */

/* Begin PBXContainerItemProxy section */
		D9E1E86CA640CC16FF495CAF /* PBXContainerItemProxy */ = {
			isa = PBXContainerItemProxy;
			containerPortal = BD17D0C8A1AAB856E198DC8A /* Project object */;
			proxyType = 1;
			remoteGlobalIDString = 72263B712FC4DEF982F36EE4;
			remoteInfo = OasisNative;
		};
/* End PBXContainerItemProxy section */

/* Begin PBXFileReference section */
		01145FC9FC9799648F23E982 /* SpatialAudioPanel.swift */ = {isa = PBXFileReference; includeInIndex = 1; lastKnownFileType = sourcecode.swift; path = SpatialAudioPanel.swift; sourceTree = "<group>"; };
		0454AB4ABDA4DE8B5CF796CD /* orage1.m4a */ = {isa = PBXFileReference; includeInIndex = 1; path = orage1.m4a; sourceTree = "<group>"; };
		0788EED7D917D4CA2DDC19DC /* Foundation.framework */ = {isa = PBXFileReference; lastKnownFileType = wrapper.framework; name = Foundation.framework; path = Platforms/iPhoneOS.platform/Developer/SDKs/iPhoneOS18.0.sdk/System/Library/Frameworks/Foundation.framework; sourceTree = DEVELOPER_DIR; };
		0A2C9328FA528E3D65CAF3E0 /* RoutePickerView.swift */ = {isa = PBXFileReference; includeInIndex = 1; lastKnownFileType = sourcecode.swift; path = RoutePickerView.swift; sourceTree = "<group>"; };
		0D407158319A8B558DF5C901 /* savane1.m4a */ = {isa = PBXFileReference; includeInIndex = 1; path = savane1.m4a; sourceTree = "<group>"; };
		13A32B6CD93973B7DF6857D6 /* Assets.xcassets */ = {isa = PBXFileReference; includeInIndex = 1; lastKnownFileType = folder.assetcatalog; path = Assets.xcassets; sourceTree = "<group>"; };
		13B183A0DF1E50A60622672D /* ImmersionBackdrop.swift */ = {isa = PBXFileReference; includeInIndex = 1; lastKnownFileType = sourcecode.swift; path = ImmersionBackdrop.swift; sourceTree = "<group>"; };
		1AAC4A31CFF2720C4214C470 /* 2_binaural_meditation_theta.m4a */ = {isa = PBXFileReference; includeInIndex = 1; path = 2_binaural_meditation_theta.m4a; sourceTree = "<group>"; };
		278D0B9750ED6A928644F674 /* PresetsPanel.swift */ = {isa = PBXFileReference; includeInIndex = 1; lastKnownFileType = sourcecode.swift; path = PresetsPanel.swift; sourceTree = "<group>"; };
		2A88ED8EDEC6223DCC78370A /* AnimatedBackdrop.swift */ = {isa = PBXFileReference; includeInIndex = 1; lastKnownFileType = sourcecode.swift; path = AnimatedBackdrop.swift; sourceTree = "<group>"; };
		2BE03C7649E4B3E0F242E50E /* SoundDetailSheet.swift */ = {isa = PBXFileReference; includeInIndex = 1; lastKnownFileType = sourcecode.swift; path = SoundDetailSheet.swift; sourceTree = "<group>"; };
		2E5B56BC46BD764D62C051D4 /* goelants1.m4a */ = {isa = PBXFileReference; includeInIndex = 1; path = goelants1.m4a; sourceTree = "<group>"; };
		30CACFEBBA45350B03AF8630 /* grillons1.m4a */ = {isa = PBXFileReference; includeInIndex = 1; path = grillons1.m4a; sourceTree = "<group>"; };
		3316CC16F2618A053B405F6C /* PremiumModels.swift */ = {isa = PBXFileReference; includeInIndex = 1; lastKnownFileType = sourcecode.swift; path = PremiumModels.swift; sourceTree = "<group>"; };
		37C3439D584F8A6935D35AE6 /* SceneCoordinator.swift */ = {isa = PBXFileReference; includeInIndex = 1; lastKnownFileType = sourcecode.swift; path = SceneCoordinator.swift; sourceTree = "<group>"; };
		396C15B2B0394B920DCAA420 /* LiquidActivityPalette.swift */ = {isa = PBXFileReference; includeInIndex = 1; lastKnownFileType = sourcecode.swift; path = LiquidActivityPalette.swift; sourceTree = "<group>"; };
		3C934A0BCB32BD0E433A4812 /* LiquidAuraShaders.metal */ = {isa = PBXFileReference; includeInIndex = 1; path = LiquidAuraShaders.metal; sourceTree = "<group>"; };
		3CA3A4F7E964813F18043D5D /* foret1.m4a */ = {isa = PBXFileReference; includeInIndex = 1; path = foret1.m4a; sourceTree = "<group>"; };
		420E27669DB865B8672A16D9 /* TelemetryDeckAnalyticsSink.swift */ = {isa = PBXFileReference; includeInIndex = 1; lastKnownFileType = sourcecode.swift; path = TelemetryDeckAnalyticsSink.swift; sourceTree = "<group>"; };
		425DC213F25D5D809E3A793C /* OasisNativePremiumFlowTests.swift */ = {isa = PBXFileReference; includeInIndex = 1; lastKnownFileType = sourcecode.swift; path = OasisNativePremiumFlowTests.swift; sourceTree = "<group>"; };
		449A619479A1852D5EBFC04D /* TimeOfDayTint.swift */ = {isa = PBXFileReference; includeInIndex = 1; lastKnownFileType = sourcecode.swift; path = TimeOfDayTint.swift; sourceTree = "<group>"; };
		45A7C3872B29C14CFBC20667 /* riviere1.m4a */ = {isa = PBXFileReference; includeInIndex = 1; path = riviere1.m4a; sourceTree = "<group>"; };
		476FE7B1648D405AFB299CE7 /* HomeView.swift */ = {isa = PBXFileReference; includeInIndex = 1; lastKnownFileType = sourcecode.swift; path = HomeView.swift; sourceTree = "<group>"; };
		4C8C3A170B4DA72F8541E26C /* voiture1.m4a */ = {isa = PBXFileReference; includeInIndex = 1; path = voiture1.m4a; sourceTree = "<group>"; };
		536B4BA266E4FAA113DD402E /* TonalBedSynth.swift */ = {isa = PBXFileReference; includeInIndex = 1; lastKnownFileType = sourcecode.swift; path = TonalBedSynth.swift; sourceTree = "<group>"; };
		55D9EF994711D9793E7DF75B /* TimerUnlockPanel.swift */ = {isa = PBXFileReference; includeInIndex = 1; lastKnownFileType = sourcecode.swift; path = TimerUnlockPanel.swift; sourceTree = "<group>"; };
		58648E05BB5AD7D680DDC6F6 /* OnboardingView.swift */ = {isa = PBXFileReference; includeInIndex = 1; lastKnownFileType = sourcecode.swift; path = OnboardingView.swift; sourceTree = "<group>"; };
		5F1C1215CDF820BA976A9460 /* HomeHeaderView.swift */ = {isa = PBXFileReference; includeInIndex = 1; lastKnownFileType = sourcecode.swift; path = HomeHeaderView.swift; sourceTree = "<group>"; };
		5F9F24B8B870FE0AADB25875 /* vent1.m4a */ = {isa = PBXFileReference; includeInIndex = 1; path = vent1.m4a; sourceTree = "<group>"; };
		61390835F6B632F4030B67C5 /* GlassSurfaces.swift */ = {isa = PBXFileReference; includeInIndex = 1; lastKnownFileType = sourcecode.swift; path = GlassSurfaces.swift; sourceTree = "<group>"; };
		62D647C0F615B319177F3262 /* PressScaleButtonStyle.swift */ = {isa = PBXFileReference; includeInIndex = 1; lastKnownFileType = sourcecode.swift; path = PressScaleButtonStyle.swift; sourceTree = "<group>"; };
		67EDC1E0F97A1B183E05C61B /* EntryRitual.swift */ = {isa = PBXFileReference; includeInIndex = 1; lastKnownFileType = sourcecode.swift; path = EntryRitual.swift; sourceTree = "<group>"; };
		69040A79F8092B7267BB6795 /* SceneCard.swift */ = {isa = PBXFileReference; includeInIndex = 1; lastKnownFileType = sourcecode.swift; path = SceneCard.swift; sourceTree = "<group>"; };
		6B5DFFBA8BF5AEFD5BFAFC1A /* BinauralPanel.swift */ = {isa = PBXFileReference; includeInIndex = 1; lastKnownFileType = sourcecode.swift; path = BinauralPanel.swift; sourceTree = "<group>"; };
		6E53CAB777B6221C4C4A8207 /* jungleasie1.m4a */ = {isa = PBXFileReference; includeInIndex = 1; path = jungleasie1.m4a; sourceTree = "<group>"; };
		73D34D145596578939968746 /* OasisNativeScreenshots.swift */ = {isa = PBXFileReference; includeInIndex = 1; lastKnownFileType = sourcecode.swift; path = OasisNativeScreenshots.swift; sourceTree = "<group>"; };
		7790343241FE31630BE1AA26 /* 1_binaural_sleep_delta.m4a */ = {isa = PBXFileReference; includeInIndex = 1; path = 1_binaural_sleep_delta.m4a; sourceTree = "<group>"; };
		78BFAD58D452E7B152263F4A /* LiquidAuraBackdrop.swift */ = {isa = PBXFileReference; includeInIndex = 1; lastKnownFileType = sourcecode.swift; path = LiquidAuraBackdrop.swift; sourceTree = "<group>"; };
		79B322D3948974A8D3A091D9 /* Localizable.xcstrings */ = {isa = PBXFileReference; includeInIndex = 1; path = Localizable.xcstrings; sourceTree = "<group>"; };
		79F3D30E9F8E92CBC8CE75DC /* oasisLogo.png */ = {isa = PBXFileReference; includeInIndex = 1; lastKnownFileType = image.png; path = oasisLogo.png; sourceTree = "<group>"; };
		7B3F10F8D47DEB074D5C33D5 /* AppModel.swift */ = {isa = PBXFileReference; includeInIndex = 1; lastKnownFileType = sourcecode.swift; path = AppModel.swift; sourceTree = "<group>"; };
		7B997DFCA0BA8223557451D9 /* 4_binaural_focus_beta.m4a */ = {isa = PBXFileReference; includeInIndex = 1; path = 4_binaural_focus_beta.m4a; sourceTree = "<group>"; };
		7CDE7CD54FD954E0D2DEDE9B /* OasisNativeUITests.xctest */ = {isa = PBXFileReference; explicitFileType = wrapper.cfbundle; includeInIndex = 0; path = OasisNativeUITests.xctest; sourceTree = BUILT_PRODUCTS_DIR; };
		856E5D3396AC8931AAC750C9 /* ParticleField.swift */ = {isa = PBXFileReference; includeInIndex = 1; lastKnownFileType = sourcecode.swift; path = ParticleField.swift; sourceTree = "<group>"; };
		86EFA38DE29CE7835A7AD2F3 /* train1.m4a */ = {isa = PBXFileReference; includeInIndex = 1; path = train1.m4a; sourceTree = "<group>"; };
		8BFBA520D6F6226B9E3AE4D7 /* AppConfiguration.swift */ = {isa = PBXFileReference; includeInIndex = 1; lastKnownFileType = sourcecode.swift; path = AppConfiguration.swift; sourceTree = "<group>"; };
		9128C4BC4742EB26560F51B7 /* PaywallOverlay.swift */ = {isa = PBXFileReference; includeInIndex = 1; lastKnownFileType = sourcecode.swift; path = PaywallOverlay.swift; sourceTree = "<group>"; };
		95318DF962FC64378DC898D2 /* SoundChannelMetadata.swift */ = {isa = PBXFileReference; includeInIndex = 1; lastKnownFileType = sourcecode.swift; path = SoundChannelMetadata.swift; sourceTree = "<group>"; };
		986933AF7F4445BB359C67A0 /* AppModels.swift */ = {isa = PBXFileReference; includeInIndex = 1; lastKnownFileType = sourcecode.swift; path = AppModels.swift; sourceTree = "<group>"; };
		98F6B6516D035D6ECBE465AB /* jungleamerique1.m4a */ = {isa = PBXFileReference; includeInIndex = 1; path = jungleamerique1.m4a; sourceTree = "<group>"; };
		9B8768B33B93BB3D8A6C2804 /* oasis logo 3.png */ = {isa = PBXFileReference; includeInIndex = 1; lastKnownFileType = image.png; path = "oasis logo 3.png"; sourceTree = "<group>"; };
		9EB62FB327155750B1701B6B /* PremiumCoordinator.swift */ = {isa = PBXFileReference; includeInIndex = 1; lastKnownFileType = sourcecode.swift; path = PremiumCoordinator.swift; sourceTree = "<group>"; };
		A7CF86900EAE2E8AF7ED3330 /* PremiumAnalytics.swift */ = {isa = PBXFileReference; includeInIndex = 1; lastKnownFileType = sourcecode.swift; path = PremiumAnalytics.swift; sourceTree = "<group>"; };
		AAE85427D4BE12B1114C4D9E /* SnapshotHelper.swift */ = {isa = PBXFileReference; includeInIndex = 1; lastKnownFileType = sourcecode.swift; path = SnapshotHelper.swift; sourceTree = "<group>"; };
		B247C97840A3DF8B95297EBC /* campfire1.m4a */ = {isa = PBXFileReference; includeInIndex = 1; path = campfire1.m4a; sourceTree = "<group>"; };
		B24D551183915A31C2EBC6F5 /* cigales1.m4a */ = {isa = PBXFileReference; includeInIndex = 1; path = cigales1.m4a; sourceTree = "<group>"; };
		B7955AC2E7E56342F3E8F0A4 /* plage1.m4a */ = {isa = PBXFileReference; includeInIndex = 1; path = plage1.m4a; sourceTree = "<group>"; };
		B7C616789153B0EEB5A5CF60 /* HapticSlider.swift */ = {isa = PBXFileReference; includeInIndex = 1; lastKnownFileType = sourcecode.swift; path = HapticSlider.swift; sourceTree = "<group>"; };
		BC10D0A5750CEFF34FDCDC8F /* AudioMixerEngine.swift */ = {isa = PBXFileReference; includeInIndex = 1; lastKnownFileType = sourcecode.swift; path = AudioMixerEngine.swift; sourceTree = "<group>"; };
		C05CFB06A6C741DAAEC51140 /* pluie1.m4a */ = {isa = PBXFileReference; includeInIndex = 1; path = pluie1.m4a; sourceTree = "<group>"; };
		C09DFB56717EAC218457687F /* Scene.swift */ = {isa = PBXFileReference; includeInIndex = 1; lastKnownFileType = sourcecode.swift; path = Scene.swift; sourceTree = "<group>"; };
		C38B6CB3124C3B6695CE89B5 /* ville1.m4a */ = {isa = PBXFileReference; includeInIndex = 1; path = ville1.m4a; sourceTree = "<group>"; };
		C5063E991F85D47A8741D5A2 /* PremiumSurfaces.swift */ = {isa = PBXFileReference; includeInIndex = 1; lastKnownFileType = sourcecode.swift; path = PremiumSurfaces.swift; sourceTree = "<group>"; };
		C935AF7B3F965A1DF942A710 /* SceneNarrative.swift */ = {isa = PBXFileReference; includeInIndex = 1; lastKnownFileType = sourcecode.swift; path = SceneNarrative.swift; sourceTree = "<group>"; };
		D6DD348AD0542C2A156AE652 /* AnimatedLiquidAura.swift */ = {isa = PBXFileReference; includeInIndex = 1; lastKnownFileType = sourcecode.swift; path = AnimatedLiquidAura.swift; sourceTree = "<group>"; };
		DB54A1D89AAA1105922C623E /* icon.json */ = {isa = PBXFileReference; includeInIndex = 1; path = icon.json; sourceTree = "<group>"; };
		DE4FFFCF5FAEF968DA38F701 /* BottomBarView.swift */ = {isa = PBXFileReference; includeInIndex = 1; lastKnownFileType = sourcecode.swift; path = BottomBarView.swift; sourceTree = "<group>"; };
		E0020A4B2AB681113BD8ABAF /* Info.plist */ = {isa = PBXFileReference; includeInIndex = 1; lastKnownFileType = text.plist.xml; path = Info.plist; sourceTree = "<group>"; };
		E486F82291B38CA5DBE856C9 /* lac1.m4a */ = {isa = PBXFileReference; includeInIndex = 1; path = lac1.m4a; sourceTree = "<group>"; };
		E517142F41BF246E0AF3AD3B /* MixerBoardSectionView.swift */ = {isa = PBXFileReference; includeInIndex = 1; lastKnownFileType = sourcecode.swift; path = MixerBoardSectionView.swift; sourceTree = "<group>"; };
		E588046940FD011C9401D675 /* RootView.swift */ = {isa = PBXFileReference; includeInIndex = 1; lastKnownFileType = sourcecode.swift; path = RootView.swift; sourceTree = "<group>"; };
		E6B864F6B79E22965F0B78B8 /* tente1.m4a */ = {isa = PBXFileReference; includeInIndex = 1; path = tente1.m4a; sourceTree = "<group>"; };
		E6C6E0B636793FE641501D68 /* oiseaux1.m4a */ = {isa = PBXFileReference; includeInIndex = 1; path = oiseaux1.m4a; sourceTree = "<group>"; };
		E756C8AED07FFEFD21444F97 /* PremiumRevenueCatService.swift */ = {isa = PBXFileReference; includeInIndex = 1; lastKnownFileType = sourcecode.swift; path = PremiumRevenueCatService.swift; sourceTree = "<group>"; };
		ED9D4907E56130B75AACCDFF /* 3_binaural_relax_alpha.m4a */ = {isa = PBXFileReference; includeInIndex = 1; path = 3_binaural_relax_alpha.m4a; sourceTree = "<group>"; };
		EFEFA4553863FC549E3A2CFF /* OasisNativeApp.swift */ = {isa = PBXFileReference; includeInIndex = 1; lastKnownFileType = sourcecode.swift; path = OasisNativeApp.swift; sourceTree = "<group>"; };
		F009F48BD58CE30F57F844E9 /* L10n.swift */ = {isa = PBXFileReference; includeInIndex = 1; lastKnownFileType = sourcecode.swift; path = L10n.swift; sourceTree = "<group>"; };
		F2C6FB520E66F257EB0DD844 /* cafe1.m4a */ = {isa = PBXFileReference; includeInIndex = 1; path = cafe1.m4a; sourceTree = "<group>"; };
		FEC2F93FF26E2A76E445392C /* OasisNative.app */ = {isa = PBXFileReference; explicitFileType = wrapper.application; includeInIndex = 0; path = OasisNative.app; sourceTree = BUILT_PRODUCTS_DIR; };
/* End PBXFileReference section */

/* Begin PBXFrameworksBuildPhase section */
		478E4A0FC1AD60577F77D2C4 /* Frameworks */ = {
			isa = PBXFrameworksBuildPhase;
			buildActionMask = 2147483647;
			files = (
				BD9B11497373B33393A3F23D /* Foundation.framework in Frameworks */,
			);
			runOnlyForDeploymentPostprocessing = 0;
		};
		DECB82DB1FFE07E9B52C4E9D /* Frameworks */ = {
			isa = PBXFrameworksBuildPhase;
			buildActionMask = 2147483647;
			files = (
				17B692345085C273F34AA172 /* Foundation.framework in Frameworks */,
				0CB8B25FDB504DC9E13C0DB2 /* RevenueCat in Frameworks */,
				AC233FA3B5C2CDF71D4A3A01 /* RevenueCatUI in Frameworks */,
			);
			runOnlyForDeploymentPostprocessing = 0;
		};
/* End PBXFrameworksBuildPhase section */

/* Begin PBXGroup section */
		05B472C84F5B2B6F6A49F6B2 /* OasisNative */ = {
			isa = PBXGroup;
			children = (
				75CEE22577EF543DE37281EB /* AppIcon.icon */,
				13A32B6CD93973B7DF6857D6 /* Assets.xcassets */,
				784FFEC05F2AF887421E6494 /* Models */,
				EFEFA4553863FC549E3A2CFF /* OasisNativeApp.swift */,
				4496FC0BFCA8538286C0A85D /* Resources */,
				8E91E718503DE5A36472D5C9 /* Services */,
				ACCC58EBA4771A78BDC4FCC3 /* Support */,
				D847C8BDA6F983C46749FB2D /* Views */,
			);
			name = OasisNative;
			path = OasisNative;
			sourceTree = "<group>";
		};
		1596364FA4D767F2046B710D /* Header */ = {
			isa = PBXGroup;
			children = (
				5F1C1215CDF820BA976A9460 /* HomeHeaderView.swift */,
			);
			name = Header;
			path = Header;
			sourceTree = "<group>";
		};
		1EEBEFA06331D884740DADF7 /* Mixer */ = {
			isa = PBXGroup;
			children = (
				B7C616789153B0EEB5A5CF60 /* HapticSlider.swift */,
				E517142F41BF246E0AF3AD3B /* MixerBoardSectionView.swift */,
			);
			name = Mixer;
			path = Mixer;
			sourceTree = "<group>";
		};
		4496FC0BFCA8538286C0A85D /* Resources */ = {
			isa = PBXGroup;
			children = (
				DB9D2272E599CA819D903CE5 /* Audio */,
				5816685BADF216D3466F6EB4 /* Images */,
				79B322D3948974A8D3A091D9 /* Localizable.xcstrings */,
			);
			name = Resources;
			path = Resources;
			sourceTree = "<group>";
		};
		5816685BADF216D3466F6EB4 /* Images */ = {
			isa = PBXGroup;
			children = (
				79F3D30E9F8E92CBC8CE75DC /* oasisLogo.png */,
			);
			name = Images;
			path = Images;
			sourceTree = "<group>";
		};
		712D6B25AF91A35BB7F1F56D /* BottomBar */ = {
			isa = PBXGroup;
			children = (
				DE4FFFCF5FAEF968DA38F701 /* BottomBarView.swift */,
			);
			name = BottomBar;
			path = BottomBar;
			sourceTree = "<group>";
		};
		75CEE22577EF543DE37281EB /* AppIcon.icon */ = {
			isa = PBXGroup;
			children = (
				D93E74927878C7C3E106D268 /* Assets */,
				DB54A1D89AAA1105922C623E /* icon.json */,
			);
			name = AppIcon.icon;
			path = AppIcon.icon;
			sourceTree = "<group>";
		};
		784FFEC05F2AF887421E6494 /* Models */ = {
			isa = PBXGroup;
			children = (
				986933AF7F4445BB359C67A0 /* AppModels.swift */,
				3316CC16F2618A053B405F6C /* PremiumModels.swift */,
				C09DFB56717EAC218457687F /* Scene.swift */,
				95318DF962FC64378DC898D2 /* SoundChannelMetadata.swift */,
			);
			name = Models;
			path = Models;
			sourceTree = "<group>";
		};
		898C5CC5D6C7F95BD2D5D4B1 /* Liquid */ = {
			isa = PBXGroup;
			children = (
				D6DD348AD0542C2A156AE652 /* AnimatedLiquidAura.swift */,
				396C15B2B0394B920DCAA420 /* LiquidActivityPalette.swift */,
			);
			name = Liquid;
			path = Liquid;
			sourceTree = "<group>";
		};
		8E91E718503DE5A36472D5C9 /* Services */ = {
			isa = PBXGroup;
			children = (
				7B3F10F8D47DEB074D5C33D5 /* AppModel.swift */,
				BC10D0A5750CEFF34FDCDC8F /* AudioMixerEngine.swift */,
				A7CF86900EAE2E8AF7ED3330 /* PremiumAnalytics.swift */,
				9EB62FB327155750B1701B6B /* PremiumCoordinator.swift */,
				E756C8AED07FFEFD21444F97 /* PremiumRevenueCatService.swift */,
				37C3439D584F8A6935D35AE6 /* SceneCoordinator.swift */,
				420E27669DB865B8672A16D9 /* TelemetryDeckAnalyticsSink.swift */,
				536B4BA266E4FAA113DD402E /* TonalBedSynth.swift */,
			);
			name = Services;
			path = Services;
			sourceTree = "<group>";
		};
		A6AD8CD08E24EFD56DC44DBD /* Glass */ = {
			isa = PBXGroup;
			children = (
				61390835F6B632F4030B67C5 /* GlassSurfaces.swift */,
			);
			name = Glass;
			path = Glass;
			sourceTree = "<group>";
		};
		ACCC58EBA4771A78BDC4FCC3 /* Support */ = {
			isa = PBXGroup;
			children = (
				8BFBA520D6F6226B9E3AE4D7 /* AppConfiguration.swift */,
				E0020A4B2AB681113BD8ABAF /* Info.plist */,
				F009F48BD58CE30F57F844E9 /* L10n.swift */,
				3C934A0BCB32BD0E433A4812 /* LiquidAuraShaders.metal */,
				0A2C9328FA528E3D65CAF3E0 /* RoutePickerView.swift */,
				C935AF7B3F965A1DF942A710 /* SceneNarrative.swift */,
			);
			name = Support;
			path = Support;
			sourceTree = "<group>";
		};
		B3E259FFE14932506652A732 /* iOS */ = {
			isa = PBXGroup;
			children = (
				0788EED7D917D4CA2DDC19DC /* Foundation.framework */,
			);
			name = iOS;
			sourceTree = "<group>";
		};
		B7CE58CE11120080903DC3ED /* Background */ = {
			isa = PBXGroup;
			children = (
				2A88ED8EDEC6223DCC78370A /* AnimatedBackdrop.swift */,
			);
			name = Background;
			path = Background;
			sourceTree = "<group>";
		};
		D23768144BBC716715A5DE79 /* Products */ = {
			isa = PBXGroup;
			children = (
				FEC2F93FF26E2A76E445392C /* OasisNative.app */,
				7CDE7CD54FD954E0D2DEDE9B /* OasisNativeUITests.xctest */,
			);
			name = Products;
			sourceTree = "<group>";
		};
		D2D263B60139B1E946FA9366 /* Styles */ = {
			isa = PBXGroup;
			children = (
				62D647C0F615B319177F3262 /* PressScaleButtonStyle.swift */,
			);
			name = Styles;
			path = Styles;
			sourceTree = "<group>";
		};
		D847C8BDA6F983C46749FB2D /* Views */ = {
			isa = PBXGroup;
			children = (
				E64D9FC1A22D2A3AEAA62767 /* Components */,
				476FE7B1648D405AFB299CE7 /* HomeView.swift */,
				F0A92DBC4731791A0C39ACDC /* Overlays */,
				E588046940FD011C9401D675 /* RootView.swift */,
			);
			name = Views;
			path = Views;
			sourceTree = "<group>";
		};
		D9206426E577C7420E2A203F /* Premium */ = {
			isa = PBXGroup;
			children = (
				C5063E991F85D47A8741D5A2 /* PremiumSurfaces.swift */,
			);
			name = Premium;
			path = Premium;
			sourceTree = "<group>";
		};
		D93E74927878C7C3E106D268 /* Assets */ = {
			isa = PBXGroup;
			children = (
				9B8768B33B93BB3D8A6C2804 /* oasis logo 3.png */,
			);
			name = Assets;
			path = Assets;
			sourceTree = "<group>";
		};
		D99F376C4870CF20D76C1A4D = {
			isa = PBXGroup;
			children = (
				D23768144BBC716715A5DE79 /* Products */,
				E98A7AB3A517AF4F43F536FE /* Frameworks */,
				05B472C84F5B2B6F6A49F6B2 /* OasisNative */,
				F007B8EF9D670678831924D2 /* OasisNativeUITests */,
			);
			sourceTree = "<group>";
		};
		D9A0565D55DF59A85234AB60 /* Immersion */ = {
			isa = PBXGroup;
			children = (
				67EDC1E0F97A1B183E05C61B /* EntryRitual.swift */,
				13B183A0DF1E50A60622672D /* ImmersionBackdrop.swift */,
				78BFAD58D452E7B152263F4A /* LiquidAuraBackdrop.swift */,
				856E5D3396AC8931AAC750C9 /* ParticleField.swift */,
				69040A79F8092B7267BB6795 /* SceneCard.swift */,
				449A619479A1852D5EBFC04D /* TimeOfDayTint.swift */,
			);
			name = Immersion;
			path = Immersion;
			sourceTree = "<group>";
		};
		DB9D2272E599CA819D903CE5 /* Audio */ = {
			isa = PBXGroup;
			children = (
				7790343241FE31630BE1AA26 /* 1_binaural_sleep_delta.m4a */,
				1AAC4A31CFF2720C4214C470 /* 2_binaural_meditation_theta.m4a */,
				ED9D4907E56130B75AACCDFF /* 3_binaural_relax_alpha.m4a */,
				7B997DFCA0BA8223557451D9 /* 4_binaural_focus_beta.m4a */,
				F2C6FB520E66F257EB0DD844 /* cafe1.m4a */,
				B247C97840A3DF8B95297EBC /* campfire1.m4a */,
				B24D551183915A31C2EBC6F5 /* cigales1.m4a */,
				3CA3A4F7E964813F18043D5D /* foret1.m4a */,
				2E5B56BC46BD764D62C051D4 /* goelants1.m4a */,
				30CACFEBBA45350B03AF8630 /* grillons1.m4a */,
				98F6B6516D035D6ECBE465AB /* jungleamerique1.m4a */,
				6E53CAB777B6221C4C4A8207 /* jungleasie1.m4a */,
				E486F82291B38CA5DBE856C9 /* lac1.m4a */,
				E6C6E0B636793FE641501D68 /* oiseaux1.m4a */,
				0454AB4ABDA4DE8B5CF796CD /* orage1.m4a */,
				B7955AC2E7E56342F3E8F0A4 /* plage1.m4a */,
				C05CFB06A6C741DAAEC51140 /* pluie1.m4a */,
				45A7C3872B29C14CFBC20667 /* riviere1.m4a */,
				0D407158319A8B558DF5C901 /* savane1.m4a */,
				E6B864F6B79E22965F0B78B8 /* tente1.m4a */,
				86EFA38DE29CE7835A7AD2F3 /* train1.m4a */,
				5F9F24B8B870FE0AADB25875 /* vent1.m4a */,
				C38B6CB3124C3B6695CE89B5 /* ville1.m4a */,
				4C8C3A170B4DA72F8541E26C /* voiture1.m4a */,
			);
			name = Audio;
			path = Audio;
			sourceTree = "<group>";
		};
		E64D9FC1A22D2A3AEAA62767 /* Components */ = {
			isa = PBXGroup;
			children = (
				B7CE58CE11120080903DC3ED /* Background */,
				712D6B25AF91A35BB7F1F56D /* BottomBar */,
				A6AD8CD08E24EFD56DC44DBD /* Glass */,
				1596364FA4D767F2046B710D /* Header */,
				D9A0565D55DF59A85234AB60 /* Immersion */,
				898C5CC5D6C7F95BD2D5D4B1 /* Liquid */,
				1EEBEFA06331D884740DADF7 /* Mixer */,
				D9206426E577C7420E2A203F /* Premium */,
				D2D263B60139B1E946FA9366 /* Styles */,
			);
			name = Components;
			path = Components;
			sourceTree = "<group>";
		};
		E98A7AB3A517AF4F43F536FE /* Frameworks */ = {
			isa = PBXGroup;
			children = (
				B3E259FFE14932506652A732 /* iOS */,
			);
			name = Frameworks;
			sourceTree = "<group>";
		};
		F007B8EF9D670678831924D2 /* OasisNativeUITests */ = {
			isa = PBXGroup;
			children = (
				425DC213F25D5D809E3A793C /* OasisNativePremiumFlowTests.swift */,
				73D34D145596578939968746 /* OasisNativeScreenshots.swift */,
				AAE85427D4BE12B1114C4D9E /* SnapshotHelper.swift */,
			);
			name = OasisNativeUITests;
			path = OasisNativeUITests;
			sourceTree = "<group>";
		};
		F0A92DBC4731791A0C39ACDC /* Overlays */ = {
			isa = PBXGroup;
			children = (
				6B5DFFBA8BF5AEFD5BFAFC1A /* BinauralPanel.swift */,
				58648E05BB5AD7D680DDC6F6 /* OnboardingView.swift */,
				9128C4BC4742EB26560F51B7 /* PaywallOverlay.swift */,
				278D0B9750ED6A928644F674 /* PresetsPanel.swift */,
				2BE03C7649E4B3E0F242E50E /* SoundDetailSheet.swift */,
				01145FC9FC9799648F23E982 /* SpatialAudioPanel.swift */,
				55D9EF994711D9793E7DF75B /* TimerUnlockPanel.swift */,
			);
			name = Overlays;
			path = Overlays;
			sourceTree = "<group>";
		};
/* End PBXGroup section */

/* Begin PBXNativeTarget section */
		3E1A05F61DE9AE07287890E2 /* OasisNativeUITests */ = {
			isa = PBXNativeTarget;
			buildConfigurationList = 1174B8DF77146D79D1BEB126 /* Build configuration list for PBXNativeTarget "OasisNativeUITests" */;
			buildPhases = (
				B3481BA7688C37BD864418B8 /* Sources */,
				478E4A0FC1AD60577F77D2C4 /* Frameworks */,
				5749699225A9160C6894059F /* Resources */,
			);
			buildRules = (
			);
			dependencies = (
				1217880F95EB08DB4E738DA2 /* PBXTargetDependency */,
			);
			name = OasisNativeUITests;
			productName = OasisNativeUITests;
			productReference = 7CDE7CD54FD954E0D2DEDE9B /* OasisNativeUITests.xctest */;
			productType = "com.apple.product-type.bundle.ui-testing";
		};
		72263B712FC4DEF982F36EE4 /* OasisNative */ = {
			isa = PBXNativeTarget;
			buildConfigurationList = 9DE604D5F0EF7BC83EEC33DF /* Build configuration list for PBXNativeTarget "OasisNative" */;
			buildPhases = (
				F1B7C9C7DCD53AA7A9806D04 /* Sources */,
				DECB82DB1FFE07E9B52C4E9D /* Frameworks */,
				EA4FADE6EFC059219D1A4329 /* Resources */,
			);
			buildRules = (
			);
			dependencies = (
			);
			name = OasisNative;
			packageProductDependencies = (
				7C8DDDA9E28DD9B3122F33F2 /* RevenueCat */,
				26294725060B13F4E622C84F /* RevenueCatUI */,
			);
			productName = Oasis;
			productReference = FEC2F93FF26E2A76E445392C /* OasisNative.app */;
			productType = "com.apple.product-type.application";
		};
/* End PBXNativeTarget section */

/* Begin PBXProject section */
		BD17D0C8A1AAB856E198DC8A /* Project object */ = {
			isa = PBXProject;
			attributes = {
				LastSwiftUpdateCheck = 1600;
				LastUpgradeCheck = 2620;
				TargetAttributes = {
					3E1A05F61DE9AE07287890E2 = {
						CreatedOnToolsVersion = 26.2;
						TestTargetID = 72263B712FC4DEF982F36EE4;
					};
					72263B712FC4DEF982F36EE4 = {
						CreatedOnToolsVersion = 26.2;
					};
				};
			};
			buildConfigurationList = B140B822EFB4E3240BCD859E /* Build configuration list for PBXProject "OasisNative" */;
			compatibilityVersion = "Xcode 3.2";
			developmentRegion = en;
			hasScannedForEncodings = 0;
			knownRegions = (
				en,
				Base,
			);
			mainGroup = D99F376C4870CF20D76C1A4D;
			minimizedProjectReferenceProxies = 0;
			packageReferences = (
				FC1D01164C0A10E94291970C /* XCRemoteSwiftPackageReference "purchases-ios-spm" */,
			);
			preferredProjectObjectVersion = 77;
			productRefGroup = D23768144BBC716715A5DE79 /* Products */;
			projectDirPath = "";
			projectRoot = "";
			targets = (
				72263B712FC4DEF982F36EE4 /* OasisNative */,
				3E1A05F61DE9AE07287890E2 /* OasisNativeUITests */,
			);
		};
/* End PBXProject section */

/* Begin PBXResourcesBuildPhase section */
		5749699225A9160C6894059F /* Resources */ = {
			isa = PBXResourcesBuildPhase;
			buildActionMask = 2147483647;
			files = (
			);
			runOnlyForDeploymentPostprocessing = 0;
		};
		EA4FADE6EFC059219D1A4329 /* Resources */ = {
			isa = PBXResourcesBuildPhase;
			buildActionMask = 2147483647;
			files = (
				58915480B777EF2EAE98DAE3 /* oasis logo 3.png in Resources */,
				489CF80EBEB15E860D5B8F0B /* icon.json in Resources */,
				361AB1318121F4F1820DB898 /* Assets.xcassets in Resources */,
				7209D7C111D297B40B64826E /* 1_binaural_sleep_delta.m4a in Resources */,
				DDD5322FE50C9F54CC8FFBE1 /* 2_binaural_meditation_theta.m4a in Resources */,
				BAB99538D3EF41D54A096F74 /* 3_binaural_relax_alpha.m4a in Resources */,
				6D47266905425B4850040EAD /* 4_binaural_focus_beta.m4a in Resources */,
				6A80014C7F5980A4F8780082 /* cafe1.m4a in Resources */,
				61D7353AFA9D61C9508049BD /* campfire1.m4a in Resources */,
				53381256EB1891D40586247C /* cigales1.m4a in Resources */,
				EAEB2CDA969719AD7035B96A /* foret1.m4a in Resources */,
				EC7A869872F255488DB44B06 /* goelants1.m4a in Resources */,
				A35B3517157EFBD437BF1EE8 /* grillons1.m4a in Resources */,
				CD59CBDA9E260E997BF67DB3 /* jungleamerique1.m4a in Resources */,
				35014749B2BBA10F486D2C23 /* jungleasie1.m4a in Resources */,
				524912315B53ECCBF9C3782B /* lac1.m4a in Resources */,
				C0A7C2FBC292319F23AAC53F /* oiseaux1.m4a in Resources */,
				7EA74E37BF782D80C07A9373 /* orage1.m4a in Resources */,
				6095BD9DEB4222C450C32059 /* plage1.m4a in Resources */,
				E8C76332300AB2EBB377A929 /* pluie1.m4a in Resources */,
				436AEBDE4C1D0895E983321C /* riviere1.m4a in Resources */,
				4DFF47C0E39E08B8CBE842C7 /* savane1.m4a in Resources */,
				8903ABB417DD8B12C39D6542 /* tente1.m4a in Resources */,
				C8DEBA6FE7EEDD36498EBCA1 /* train1.m4a in Resources */,
				86B5F247EFD6357320AD493F /* vent1.m4a in Resources */,
				99947A863AA72964F689C767 /* ville1.m4a in Resources */,
				09951724AF523FF98893F711 /* voiture1.m4a in Resources */,
				C8C3150030F1ABD08F1F8338 /* oasisLogo.png in Resources */,
				DFC717F898BBE29BC4F66BD8 /* Localizable.xcstrings in Resources */,
			);
			runOnlyForDeploymentPostprocessing = 0;
		};
/* End PBXResourcesBuildPhase section */

/* Begin PBXSourcesBuildPhase section */
		B3481BA7688C37BD864418B8 /* Sources */ = {
			isa = PBXSourcesBuildPhase;
			buildActionMask = 2147483647;
			files = (
				AFB633093E17E77C4BB1D5E4 /* OasisNativePremiumFlowTests.swift in Sources */,
				20BA926931F07D0FF28E3A6E /* OasisNativeScreenshots.swift in Sources */,
				D658E14B60A3255EA4DACC90 /* SnapshotHelper.swift in Sources */,
			);
			runOnlyForDeploymentPostprocessing = 0;
		};
		F1B7C9C7DCD53AA7A9806D04 /* Sources */ = {
			isa = PBXSourcesBuildPhase;
			buildActionMask = 2147483647;
			files = (
				CB2DD3F26F59BA743AA92CCD /* AppModels.swift in Sources */,
				3A893EAD6FD566C0FFA1AFC1 /* PremiumModels.swift in Sources */,
				B45D0C39C0E2ED6EB2C7234D /* Scene.swift in Sources */,
				FC7112DFC9111101EBF8FFFC /* SoundChannelMetadata.swift in Sources */,
				30AAF88E51B4709F29341FAD /* OasisNativeApp.swift in Sources */,
				B9A1223F343A1571DF8EDC34 /* AppModel.swift in Sources */,
				018CAA6235C89F52CFC01B07 /* AudioMixerEngine.swift in Sources */,
				6057EED7494F1302AF1B1EA0 /* PremiumAnalytics.swift in Sources */,
				51062CEC627D71D8A32CB79F /* PremiumCoordinator.swift in Sources */,
				156323EB069E4D792AE2738C /* PremiumRevenueCatService.swift in Sources */,
				4C938E37EFD06BE25CA5F508 /* SceneCoordinator.swift in Sources */,
				4993BE413885765A9B5F9F8B /* TelemetryDeckAnalyticsSink.swift in Sources */,
				B8B5D0F8EB8B64F11A5F9664 /* TonalBedSynth.swift in Sources */,
				90CD80A0A90E05E28C13477A /* AppConfiguration.swift in Sources */,
				7996AC90C1C546FA6EE9B623 /* L10n.swift in Sources */,
				F2B972C3C77E1416466587BE /* LiquidAuraShaders.metal in Sources */,
				586783F7D004C6EA66080EBE /* RoutePickerView.swift in Sources */,
				B2DA1AF4C8D6D924730B07F8 /* SceneNarrative.swift in Sources */,
				B66768316EC8FC087012A11D /* AnimatedBackdrop.swift in Sources */,
				41F6AFCC06B3128F22B2B8D1 /* BottomBarView.swift in Sources */,
				A0A6884AF450E0BC43B7B626 /* GlassSurfaces.swift in Sources */,
				33C1EA977B3A09EEC5561E2D /* HomeHeaderView.swift in Sources */,
				A048630F2AA2E9104CDFD099 /* EntryRitual.swift in Sources */,
				A0F8F7E64B9D08BDD40157AE /* ImmersionBackdrop.swift in Sources */,
				9596F071FF9AD4B21DE73E7A /* LiquidAuraBackdrop.swift in Sources */,
				A6143D360F78A0E935C48BCA /* ParticleField.swift in Sources */,
				786C748676CCFFE4EBAF7E1B /* SceneCard.swift in Sources */,
				3F319598F910780858D5E9E3 /* TimeOfDayTint.swift in Sources */,
				5254350BE7E0B95A0E37E082 /* AnimatedLiquidAura.swift in Sources */,
				E97C32F27E21FE4A895D4057 /* LiquidActivityPalette.swift in Sources */,
				34EB25E19B33EFCEADB3BF85 /* HapticSlider.swift in Sources */,
				C8E8F26CCF675D1FA2D90272 /* MixerBoardSectionView.swift in Sources */,
				FADB4CF755AD62ADFF987902 /* PremiumSurfaces.swift in Sources */,
				291A616A252FB7F43016492F /* PressScaleButtonStyle.swift in Sources */,
				8EDF1ABF393F799056416AC6 /* HomeView.swift in Sources */,
				B5A0566F6B8E88E0CAE429A9 /* BinauralPanel.swift in Sources */,
				CE3B8F4A7BB27226285B1A04 /* OnboardingView.swift in Sources */,
				83E1329B5D5928F7F3F3F8CD /* PaywallOverlay.swift in Sources */,
				B6B134E063FE9269A46FA0E8 /* PresetsPanel.swift in Sources */,
				09C870F6FF320B669C9A60F9 /* SoundDetailSheet.swift in Sources */,
				7030FB31F9E4802ED5144FA2 /* SpatialAudioPanel.swift in Sources */,
				BF4EB2C8A41E5B691DDFCE78 /* TimerUnlockPanel.swift in Sources */,
				3836C9841F63CCC07CE1B5D0 /* RootView.swift in Sources */,
			);
			runOnlyForDeploymentPostprocessing = 0;
		};
/* End PBXSourcesBuildPhase section */

/* Begin PBXTargetDependency section */
		1217880F95EB08DB4E738DA2 /* PBXTargetDependency */ = {
			isa = PBXTargetDependency;
			name = OasisNative;
			target = 72263B712FC4DEF982F36EE4 /* OasisNative */;
			targetProxy = D9E1E86CA640CC16FF495CAF /* PBXContainerItemProxy */;
		};
/* End PBXTargetDependency section */

/* Begin XCBuildConfiguration section */
		1A5E0C76944D00091D9129F5 /* Debug */ = {
			isa = XCBuildConfiguration;
			buildSettings = {
				ASSETCATALOG_COMPILER_APPICON_NAME = AppIcon;
				ASSETCATALOG_COMPILER_GLOBAL_ACCENT_COLOR_NAME = AccentColor;
				CLANG_ENABLE_OBJC_WEAK = NO;
				CODE_SIGN_STYLE = Automatic;
				CURRENT_PROJECT_VERSION = 1;
				DEVELOPMENT_ASSET_PATHS = "\"\"";
				ENABLE_USER_SCRIPT_SANDBOXING = YES;
				GENERATE_INFOPLIST_FILE = NO;
				INFOPLIST_FILE = OasisNative/Support/Info.plist;
				"INFOPLIST_KEY_UIApplicationSceneManifest_Generation[sdk=iphoneos*]" = YES;
				"INFOPLIST_KEY_UIApplicationSceneManifest_Generation[sdk=iphonesimulator*]" = YES;
				"INFOPLIST_KEY_UILaunchScreen_Generation[sdk=iphoneos*]" = YES;
				"INFOPLIST_KEY_UILaunchScreen_Generation[sdk=iphonesimulator*]" = YES;
				"INFOPLIST_KEY_UIStatusBarStyle[sdk=iphoneos*]" = UIStatusBarStyleDefault;
				"INFOPLIST_KEY_UIStatusBarStyle[sdk=iphonesimulator*]" = UIStatusBarStyleDefault;
				IPHONEOS_DEPLOYMENT_TARGET = 18.0;
				LD_RUNPATH_SEARCH_PATHS = "$(inherited) @executable_path/Frameworks";
				MARKETING_VERSION = 1.3.0;
				PRODUCT_BUNDLE_IDENTIFIER = com.jonathanluquet.drift;
				PRODUCT_NAME = Oasis;
				SDKROOT = iphoneos;
				SWIFT_EMIT_LOC_STRINGS = YES;
				SWIFT_VERSION = 6.0;
				TARGETED_DEVICE_FAMILY = 1;
			};
			name = Debug;
		};
		233EA6C246E8D5BE362579BE /* Debug */ = {
			isa = XCBuildConfiguration;
			buildSettings = {
				ALWAYS_SEARCH_USER_PATHS = NO;
				CLANG_ANALYZER_NONNULL = YES;
				CLANG_ANALYZER_NUMBER_OBJECT_CONVERSION = YES_AGGRESSIVE;
				CLANG_CXX_LANGUAGE_STANDARD = "gnu++14";
				CLANG_CXX_LIBRARY = "libc++";
				CLANG_ENABLE_MODULES = YES;
				CLANG_ENABLE_OBJC_ARC = YES;
				CLANG_ENABLE_OBJC_WEAK = YES;
				CLANG_WARN_BLOCK_CAPTURE_AUTORELEASING = YES;
				CLANG_WARN_BOOL_CONVERSION = YES;
				CLANG_WARN_COMMA = YES;
				CLANG_WARN_CONSTANT_CONVERSION = YES;
				CLANG_WARN_DEPRECATED_OBJC_IMPLEMENTATIONS = YES;
				CLANG_WARN_DIRECT_OBJC_ISA_USAGE = YES_ERROR;
				CLANG_WARN_DOCUMENTATION_COMMENTS = YES;
				CLANG_WARN_EMPTY_BODY = YES;
				CLANG_WARN_ENUM_CONVERSION = YES;
				CLANG_WARN_INFINITE_RECURSION = YES;
				CLANG_WARN_INT_CONVERSION = YES;
				CLANG_WARN_NON_LITERAL_NULL_CONVERSION = YES;
				CLANG_WARN_OBJC_IMPLICIT_RETAIN_SELF = YES;
				CLANG_WARN_OBJC_LITERAL_CONVERSION = YES;
				CLANG_WARN_OBJC_ROOT_CLASS = YES_ERROR;
				CLANG_WARN_QUOTED_INCLUDE_IN_FRAMEWORK_HEADER = YES;
				CLANG_WARN_RANGE_LOOP_ANALYSIS = YES;
				CLANG_WARN_STRICT_PROTOTYPES = YES;
				CLANG_WARN_SUSPICIOUS_MOVE = YES;
				CLANG_WARN_UNGUARDED_AVAILABILITY = YES_AGGRESSIVE;
				CLANG_WARN_UNREACHABLE_CODE = YES;
				CLANG_WARN__DUPLICATE_METHOD_MATCH = YES;
				COPY_PHASE_STRIP = NO;
				DEBUG_INFORMATION_FORMAT = dwarf;
				ENABLE_STRICT_OBJC_MSGSEND = YES;
				ENABLE_TESTABILITY = YES;
				GCC_C_LANGUAGE_STANDARD = gnu11;
				GCC_DYNAMIC_NO_PIC = NO;
				GCC_NO_COMMON_BLOCKS = YES;
				GCC_OPTIMIZATION_LEVEL = 0;
				GCC_PREPROCESSOR_DEFINITIONS = (
					"DEBUG=1",
					"$(inherited)",
				);
				GCC_WARN_64_TO_32_BIT_CONVERSION = YES;
				GCC_WARN_ABOUT_RETURN_TYPE = YES_ERROR;
				GCC_WARN_UNDECLARED_SELECTOR = YES;
				GCC_WARN_UNINITIALIZED_AUTOS = YES_AGGRESSIVE;
				GCC_WARN_UNUSED_FUNCTION = YES;
				GCC_WARN_UNUSED_VARIABLE = YES;
				MTL_ENABLE_DEBUG_INFO = INCLUDE_SOURCE;
				MTL_FAST_MATH = YES;
				ONLY_ACTIVE_ARCH = YES;
				PRODUCT_NAME = "$(TARGET_NAME)";
				SWIFT_ACTIVE_COMPILATION_CONDITIONS = DEBUG;
				SWIFT_OPTIMIZATION_LEVEL = "-Onone";
				SWIFT_VERSION = 5.0;
			};
			name = Debug;
		};
		47ABF7F2F2387EC255B08C2A /* Release */ = {
			isa = XCBuildConfiguration;
			buildSettings = {
				CLANG_ENABLE_OBJC_WEAK = NO;
				CODE_SIGN_STYLE = Automatic;
				ENABLE_USER_SCRIPT_SANDBOXING = YES;
				GENERATE_INFOPLIST_FILE = YES;
				IPHONEOS_DEPLOYMENT_TARGET = 18.0;
				PRODUCT_BUNDLE_IDENTIFIER = com.jonathanluquet.drift.UITests;
				PRODUCT_NAME = OasisNativeUITests;
				SDKROOT = iphoneos;
				SWIFT_VERSION = 6.0;
				TARGETED_DEVICE_FAMILY = 1;
				TEST_TARGET_NAME = OasisNative;
				VALIDATE_PRODUCT = YES;
			};
			name = Release;
		};
		4EC29A7E91E7AF687661DDB2 /* Release */ = {
			isa = XCBuildConfiguration;
			buildSettings = {
				ALWAYS_SEARCH_USER_PATHS = NO;
				CLANG_ANALYZER_NONNULL = YES;
				CLANG_ANALYZER_NUMBER_OBJECT_CONVERSION = YES_AGGRESSIVE;
				CLANG_CXX_LANGUAGE_STANDARD = "gnu++14";
				CLANG_CXX_LIBRARY = "libc++";
				CLANG_ENABLE_MODULES = YES;
				CLANG_ENABLE_OBJC_ARC = YES;
				CLANG_ENABLE_OBJC_WEAK = YES;
				CLANG_WARN_BLOCK_CAPTURE_AUTORELEASING = YES;
				CLANG_WARN_BOOL_CONVERSION = YES;
				CLANG_WARN_COMMA = YES;
				CLANG_WARN_CONSTANT_CONVERSION = YES;
				CLANG_WARN_DEPRECATED_OBJC_IMPLEMENTATIONS = YES;
				CLANG_WARN_DIRECT_OBJC_ISA_USAGE = YES_ERROR;
				CLANG_WARN_DOCUMENTATION_COMMENTS = YES;
				CLANG_WARN_EMPTY_BODY = YES;
				CLANG_WARN_ENUM_CONVERSION = YES;
				CLANG_WARN_INFINITE_RECURSION = YES;
				CLANG_WARN_INT_CONVERSION = YES;
				CLANG_WARN_NON_LITERAL_NULL_CONVERSION = YES;
				CLANG_WARN_OBJC_IMPLICIT_RETAIN_SELF = YES;
				CLANG_WARN_OBJC_LITERAL_CONVERSION = YES;
				CLANG_WARN_OBJC_ROOT_CLASS = YES_ERROR;
				CLANG_WARN_QUOTED_INCLUDE_IN_FRAMEWORK_HEADER = YES;
				CLANG_WARN_RANGE_LOOP_ANALYSIS = YES;
				CLANG_WARN_STRICT_PROTOTYPES = YES;
				CLANG_WARN_SUSPICIOUS_MOVE = YES;
				CLANG_WARN_UNGUARDED_AVAILABILITY = YES_AGGRESSIVE;
				CLANG_WARN_UNREACHABLE_CODE = YES;
				CLANG_WARN__DUPLICATE_METHOD_MATCH = YES;
				COPY_PHASE_STRIP = NO;
				DEBUG_INFORMATION_FORMAT = "dwarf-with-dsym";
				ENABLE_NS_ASSERTIONS = NO;
				ENABLE_STRICT_OBJC_MSGSEND = YES;
				GCC_C_LANGUAGE_STANDARD = gnu11;
				GCC_NO_COMMON_BLOCKS = YES;
				GCC_WARN_64_TO_32_BIT_CONVERSION = YES;
				GCC_WARN_ABOUT_RETURN_TYPE = YES_ERROR;
				GCC_WARN_UNDECLARED_SELECTOR = YES;
				GCC_WARN_UNINITIALIZED_AUTOS = YES_AGGRESSIVE;
				GCC_WARN_UNUSED_FUNCTION = YES;
				GCC_WARN_UNUSED_VARIABLE = YES;
				MTL_ENABLE_DEBUG_INFO = NO;
				MTL_FAST_MATH = YES;
				PRODUCT_NAME = "$(TARGET_NAME)";
				SWIFT_COMPILATION_MODE = wholemodule;
				SWIFT_OPTIMIZATION_LEVEL = "-O";
				SWIFT_VERSION = 5.0;
			};
			name = Release;
		};
		5985DAC61D51EA1C0A076436 /* Debug */ = {
			isa = XCBuildConfiguration;
			buildSettings = {
				CLANG_ENABLE_OBJC_WEAK = NO;
				CODE_SIGN_STYLE = Automatic;
				ENABLE_USER_SCRIPT_SANDBOXING = YES;
				GENERATE_INFOPLIST_FILE = YES;
				IPHONEOS_DEPLOYMENT_TARGET = 18.0;
				PRODUCT_BUNDLE_IDENTIFIER = com.jonathanluquet.drift.UITests;
				PRODUCT_NAME = OasisNativeUITests;
				SDKROOT = iphoneos;
				SWIFT_VERSION = 6.0;
				TARGETED_DEVICE_FAMILY = 1;
				TEST_TARGET_NAME = OasisNative;
			};
			name = Debug;
		};
		CD6B27EFBB21020B4D468E98 /* Release */ = {
			isa = XCBuildConfiguration;
			buildSettings = {
				ASSETCATALOG_COMPILER_APPICON_NAME = AppIcon;
				ASSETCATALOG_COMPILER_GLOBAL_ACCENT_COLOR_NAME = AccentColor;
				CLANG_ENABLE_OBJC_WEAK = NO;
				CODE_SIGN_STYLE = Automatic;
				CURRENT_PROJECT_VERSION = 1;
				DEVELOPMENT_ASSET_PATHS = "\"\"";
				ENABLE_USER_SCRIPT_SANDBOXING = YES;
				GENERATE_INFOPLIST_FILE = NO;
				INFOPLIST_FILE = OasisNative/Support/Info.plist;
				"INFOPLIST_KEY_UIApplicationSceneManifest_Generation[sdk=iphoneos*]" = YES;
				"INFOPLIST_KEY_UIApplicationSceneManifest_Generation[sdk=iphonesimulator*]" = YES;
				"INFOPLIST_KEY_UILaunchScreen_Generation[sdk=iphoneos*]" = YES;
				"INFOPLIST_KEY_UILaunchScreen_Generation[sdk=iphonesimulator*]" = YES;
				"INFOPLIST_KEY_UIStatusBarStyle[sdk=iphoneos*]" = UIStatusBarStyleDefault;
				"INFOPLIST_KEY_UIStatusBarStyle[sdk=iphonesimulator*]" = UIStatusBarStyleDefault;
				IPHONEOS_DEPLOYMENT_TARGET = 18.0;
				LD_RUNPATH_SEARCH_PATHS = "$(inherited) @executable_path/Frameworks";
				MARKETING_VERSION = 1.3.0;
				PRODUCT_BUNDLE_IDENTIFIER = com.jonathanluquet.drift;
				PRODUCT_NAME = Oasis;
				SDKROOT = iphoneos;
				SWIFT_EMIT_LOC_STRINGS = YES;
				SWIFT_VERSION = 6.0;
				TARGETED_DEVICE_FAMILY = 1;
				VALIDATE_PRODUCT = YES;
			};
			name = Release;
		};
/* End XCBuildConfiguration section */

/* Begin XCConfigurationList section */
		1174B8DF77146D79D1BEB126 /* Build configuration list for PBXNativeTarget "OasisNativeUITests" */ = {
			isa = XCConfigurationList;
			buildConfigurations = (
				47ABF7F2F2387EC255B08C2A /* Release */,
				5985DAC61D51EA1C0A076436 /* Debug */,
			);
			defaultConfigurationIsVisible = 0;
			defaultConfigurationName = Release;
		};
		9DE604D5F0EF7BC83EEC33DF /* Build configuration list for PBXNativeTarget "OasisNative" */ = {
			isa = XCConfigurationList;
			buildConfigurations = (
				CD6B27EFBB21020B4D468E98 /* Release */,
				1A5E0C76944D00091D9129F5 /* Debug */,
			);
			defaultConfigurationIsVisible = 0;
			defaultConfigurationName = Release;
		};
		B140B822EFB4E3240BCD859E /* Build configuration list for PBXProject "OasisNative" */ = {
			isa = XCConfigurationList;
			buildConfigurations = (
				233EA6C246E8D5BE362579BE /* Debug */,
				4EC29A7E91E7AF687661DDB2 /* Release */,
			);
			defaultConfigurationIsVisible = 0;
			defaultConfigurationName = Release;
		};
/* End XCConfigurationList section */

/* Begin XCRemoteSwiftPackageReference section */
		FC1D01164C0A10E94291970C /* XCRemoteSwiftPackageReference "purchases-ios-spm" */ = {
			isa = XCRemoteSwiftPackageReference;
			repositoryURL = "https://github.com/RevenueCat/purchases-ios-spm.git";
			requirement = {
				kind = upToNextMajorVersion;
				minimumVersion = 5.43.0;
			};
		};
/* End XCRemoteSwiftPackageReference section */

/* Begin XCSwiftPackageProductDependency section */
		26294725060B13F4E622C84F /* RevenueCatUI */ = {
			isa = XCSwiftPackageProductDependency;
			package = FC1D01164C0A10E94291970C /* XCRemoteSwiftPackageReference "purchases-ios-spm" */;
			productName = RevenueCatUI;
		};
		7C8DDDA9E28DD9B3122F33F2 /* RevenueCat */ = {
			isa = XCSwiftPackageProductDependency;
			package = FC1D01164C0A10E94291970C /* XCRemoteSwiftPackageReference "purchases-ios-spm" */;
			productName = RevenueCat;
		};
/* End XCSwiftPackageProductDependency section */
	};
	rootObject = BD17D0C8A1AAB856E198DC8A /* Project object */;
}
