// !$*UTF8*$!
{
	archiveVersion = 1;
	classes = {
	};
	objectVersion = 46;
	objects = {

/* Begin PBXBuildFile section */
		04103D2F1D59552CF1458CD3 /* SceneNarrative.swift in Sources */ = {isa = PBXBuildFile; fileRef = 68DB2ED32397B9C58A22BF89 /* SceneNarrative.swift */; };
		06A72023E526D6F2E13CF88B /* pluie1.m4a in Resources */ = {isa = PBXBuildFile; fileRef = 7C0CF1EC68FB8ABAA8C989C1 /* pluie1.m4a */; };
		0A5B95C9AF81D642DF2941C1 /* HomeView.swift in Sources */ = {isa = PBXBuildFile; fileRef = 7BD0F6F49EB4F1DE3E90370D /* HomeView.swift */; };
		0B9B0AAF3C9DA006F6A4BEED /* PressScaleButtonStyle.swift in Sources */ = {isa = PBXBuildFile; fileRef = 6229C24BAC1075C24381E208 /* PressScaleButtonStyle.swift */; };
		0C759D8AB48EB3466EBADFC1 /* oasis logo 3.png in Resources */ = {isa = PBXBuildFile; fileRef = E24DEF77F77CC7BB4D622F38 /* oasis logo 3.png */; };
		0E1853EE5501C362B98D0B1D /* SoundChannelMetadata.swift in Sources */ = {isa = PBXBuildFile; fileRef = 085C71511B7C26390E1CD080 /* SoundChannelMetadata.swift */; };
		1A00E7E901489F5DA297EC61 /* ville1.m4a in Resources */ = {isa = PBXBuildFile; fileRef = B5AA444D91763E9D0431EA58 /* ville1.m4a */; };
		20A557B83E2F155AE24BAE7E /* jungleamerique1.m4a in Resources */ = {isa = PBXBuildFile; fileRef = 6BC1CEC7D77F3C639D03841B /* jungleamerique1.m4a */; };
		20FD123F9E475136B4DBF6EA /* PremiumSurfaces.swift in Sources */ = {isa = PBXBuildFile; fileRef = 4108A16ACF1D6D8E5FDC4008 /* PremiumSurfaces.swift */; };
		28A25C7CD3AC55532D34C1DD /* savane1.m4a in Resources */ = {isa = PBXBuildFile; fileRef = 23B0797C4F5F6E27DC2CEAD0 /* savane1.m4a */; };
		2A148FC9FBC25B046F434537 /* tente1.m4a in Resources */ = {isa = PBXBuildFile; fileRef = 774088687EB8516C17E7BA6C /* tente1.m4a */; };
		2A7376232F937B074F9499D8 /* plage1.m4a in Resources */ = {isa = PBXBuildFile; fileRef = E5EB2173085C7889A6EA5307 /* plage1.m4a */; };
		2F928B2D7AB620E3EAC01F4B /* PremiumModels.swift in Sources */ = {isa = PBXBuildFile; fileRef = 03E07A1C5F5DA14C8D9CDF4B /* PremiumModels.swift */; };
		3521105CBDB7FCE4AE302626 /* PaywallOverlay.swift in Sources */ = {isa = PBXBuildFile; fileRef = F86CE7D08769361891127B97 /* PaywallOverlay.swift */; };
		3C7630BDEFB4BD80F0ADF1F3 /* L10n.swift in Sources */ = {isa = PBXBuildFile; fileRef = 8B74EC0578DDB97BDAFA3B4D /* L10n.swift */; };
		44F4917FBF7064CC2AD1D7DF /* OasisNativePremiumFlowTests.swift in Sources */ = {isa = PBXBuildFile; fileRef = EF836E7D5A8AA87A2C86C5BE /* OasisNativePremiumFlowTests.swift */; };
		458C6FBD76B81ED9682BD3DB /* PresetsPanel.swift in Sources */ = {isa = PBXBuildFile; fileRef = 4A20ECB026EB2447FD7B2621 /* PresetsPanel.swift */; };
		464CDD657B08980F68B3442F /* AudioMixerEngine.swift in Sources */ = {isa = PBXBuildFile; fileRef = DB29EA682860F4FF9E2B1A04 /* AudioMixerEngine.swift */; };
		46719E0D7A2A1D1EF8629DC7 /* Localizable.xcstrings in Resources */ = {isa = PBXBuildFile; fileRef = 9B86D511E68999FBD19904C2 /* Localizable.xcstrings */; };
		4854A9CC4794F4FCC604B2D8 /* Foundation.framework in Frameworks */ = {isa = PBXBuildFile; fileRef = 2BF8797C98BC03A9AD8C0A70 /* Foundation.framework */; };
		50A74FD6F6C4C0AC55DD11F5 /* voiture1.m4a in Resources */ = {isa = PBXBuildFile; fileRef = 707E7FC18D7977789D309081 /* voiture1.m4a */; };
		523EA332936A82B05CE478B3 /* RevenueCat in Frameworks */ = {isa = PBXBuildFile; productRef = C585B050BB2BDE579E7791E8 /* RevenueCat */; };
		55167A6840F2018B1D1BC387 /* AppModel.swift in Sources */ = {isa = PBXBuildFile; fileRef = AD2BB2A461BBA15FE4C7E94B /* AppModel.swift */; };
		55C68723FE759A393B691CBE /* 2_binaural_meditation_theta.m4a in Resources */ = {isa = PBXBuildFile; fileRef = 180485757B55984F224E0241 /* 2_binaural_meditation_theta.m4a */; };
		55C92705824EE299BBDC9255 /* BottomBarView.swift in Sources */ = {isa = PBXBuildFile; fileRef = D5C319CD9BEA9A7B0FADD214 /* BottomBarView.swift */; };
		56C316036F27B96A5E21DFE3 /* TimeOfDayTint.swift in Sources */ = {isa = PBXBuildFile; fileRef = 06AEF06BB92F385C76108C97 /* TimeOfDayTint.swift */; };
		5C96184DB830919EC7F61963 /* PremiumCoordinator.swift in Sources */ = {isa = PBXBuildFile; fileRef = 7D51D83DCC4B7AC297B4B6FF /* PremiumCoordinator.swift */; };
		5D7BBCFA3EFC0FF5C479984C /* SnapshotHelper.swift in Sources */ = {isa = PBXBuildFile; fileRef = 5B413829059102BC0B9CFA9E /* SnapshotHelper.swift */; };
		5EC671E2F39477CD073D397F /* AppModels.swift in Sources */ = {isa = PBXBuildFile; fileRef = 5AEAC5C057DCDAB8C42D372F /* AppModels.swift */; };
		5F0F0DA5DA638C3A035DA038 /* cafe1.m4a in Resources */ = {isa = PBXBuildFile; fileRef = E859DDB80E248BE97432EE40 /* cafe1.m4a */; };
		62DB2ACE91CD9CDE2457BB08 /* 4_binaural_focus_beta.m4a in Resources */ = {isa = PBXBuildFile; fileRef = 28BC4917C837FEF9B53E9222 /* 4_binaural_focus_beta.m4a */; };
		68D3D7D2A5E33D30EC0D7BC4 /* AppConfiguration.swift in Sources */ = {isa = PBXBuildFile; fileRef = 0ED390F42ECA381023333488 /* AppConfiguration.swift */; };
		6A26BC93FD4B6EB869612890 /* SceneCoordinator.swift in Sources */ = {isa = PBXBuildFile; fileRef = D219E9CFFF08B2ED8489E49D /* SceneCoordinator.swift */; };
		6A933D488E2142F53F29D02E /* TimerUnlockPanel.swift in Sources */ = {isa = PBXBuildFile; fileRef = 8E4F19EDAF3F33DC3BE571E8 /* TimerUnlockPanel.swift */; };
		6EFC431A14FE64B431D4314F /* oiseaux1.m4a in Resources */ = {isa = PBXBuildFile; fileRef = A63C8AC79FDC13406B88D82F /* oiseaux1.m4a */; };
		7CCAB8EF32B6E75C93D86717 /* grillons1.m4a in Resources */ = {isa = PBXBuildFile; fileRef = FF2B9B19E9EAE4DC96A68320 /* grillons1.m4a */; };
		7D1C4A665894CB7195E6A60F /* vent1.m4a in Resources */ = {isa = PBXBuildFile; fileRef = 4814B8D60194A22F5557114A /* vent1.m4a */; };
		8362320DA32C5BA18AE113BA /* PremiumAnalytics.swift in Sources */ = {isa = PBXBuildFile; fileRef = FA77DF33F1A3295B9E2C7F0E /* PremiumAnalytics.swift */; };
		8D65D476B141204C8FDD8D21 /* RootView.swift in Sources */ = {isa = PBXBuildFile; fileRef = 3C8C2EFE9DAE13F6AFB9313B /* RootView.swift */; };
		90474C0D3441DDF85CCA2A5E /* oasisLogo.png in Resources */ = {isa = PBXBuildFile; fileRef = C7DFC7C909644DA7D98C5D5F /* oasisLogo.png */; };
		941A2A35C2E63B8738BC34E3 /* 3_binaural_relax_alpha.m4a in Resources */ = {isa = PBXBuildFile; fileRef = FD5C35F5306756F010BF2878 /* 3_binaural_relax_alpha.m4a */; };
		95759A592328EF5F9B3266BE /* AnimatedLiquidAura.swift in Sources */ = {isa = PBXBuildFile; fileRef = 40960AD9550ECAE9181CEC02 /* AnimatedLiquidAura.swift */; };
		982FC442719005CA390EC9FB /* HomeHeaderView.swift in Sources */ = {isa = PBXBuildFile; fileRef = 73D87AC2E976339F239585C8 /* HomeHeaderView.swift */; };
		9BC6A71C2D2B3E97C92DE35B /* SpatialAudioPanel.swift in Sources */ = {isa = PBXBuildFile; fileRef = 99E2AA30A0396BE073B4B4A4 /* SpatialAudioPanel.swift */; };
		A164B32BF3DF06EDE5C2BFDF /* EntryRitual.swift in Sources */ = {isa = PBXBuildFile; fileRef = 9B7E278B569A42B82CC82120 /* EntryRitual.swift */; };
		A19BCFE54786E8A4842646C6 /* HapticSlider.swift in Sources */ = {isa = PBXBuildFile; fileRef = ABA4F332412979D378EAE7D5 /* HapticSlider.swift */; };
		A2B984150FF2B727AF2C2BD4 /* lac1.m4a in Resources */ = {isa = PBXBuildFile; fileRef = B86FF03D81A3B270146279FC /* lac1.m4a */; };
		A3DB39BCA3EFF418F70098A1 /* SoundDetailSheet.swift in Sources */ = {isa = PBXBuildFile; fileRef = 11BB996FE76484EAC1C8CD4D /* SoundDetailSheet.swift */; };
		A590FEEB7510A4C4235342FA /* Scene.swift in Sources */ = {isa = PBXBuildFile; fileRef = DAB379444C293BFA4C5387C6 /* Scene.swift */; };
		A6528DB7EF7965737B959549 /* TelemetryDeckAnalyticsSink.swift in Sources */ = {isa = PBXBuildFile; fileRef = 350CC60C6F51025C1B194606 /* TelemetryDeckAnalyticsSink.swift */; };
		ADDAFDCF553A7AB9A1AAE659 /* LiquidActivityPalette.swift in Sources */ = {isa = PBXBuildFile; fileRef = B2B719CE52FE6B80EC1A4115 /* LiquidActivityPalette.swift */; };
		B5381A762529ADC2E337A22A /* AnimatedBackdrop.swift in Sources */ = {isa = PBXBuildFile; fileRef = B417A17D2956CF1A96B1A5C4 /* AnimatedBackdrop.swift */; };
		B5DE24707953F11EC715E23C /* SceneCard.swift in Sources */ = {isa = PBXBuildFile; fileRef = 7317B5F19C7C0C30465141F6 /* SceneCard.swift */; };
		BA15031B5A924B9AEE0DE24F /* Assets.xcassets in Resources */ = {isa = PBXBuildFile; fileRef = 013C369BC4E722E718976A24 /* Assets.xcassets */; };
		BD13395601EF2D22E3274F31 /* foret1.m4a in Resources */ = {isa = PBXBuildFile; fileRef = 8D9BC311CBB971FEC2F0C345 /* foret1.m4a */; };
		C366D950E30E22527F1EB8DD /* PremiumRevenueCatService.swift in Sources */ = {isa = PBXBuildFile; fileRef = 627CD24BEA7377D38DCAF5BE /* PremiumRevenueCatService.swift */; };
		C65A90402701308BF74C0317 /* OasisNativeApp.swift in Sources */ = {isa = PBXBuildFile; fileRef = 648B9296DCF87C1D445BF7FB /* OasisNativeApp.swift */; };
		C756E280211E11FD708BDAD1 /* jungleasie1.m4a in Resources */ = {isa = PBXBuildFile; fileRef = F1B8D88141F87874BC2AE4CA /* jungleasie1.m4a */; };
		C80CEB1DB2E94CAB1F01F5B9 /* icon.json in Resources */ = {isa = PBXBuildFile; fileRef = 35061932633DA717E6A821A0 /* icon.json */; };
		C921DFE0CEF3F33254112636 /* cigales1.m4a in Resources */ = {isa = PBXBuildFile; fileRef = CCAA45A3EC3236085F853F3F /* cigales1.m4a */; };
		CB0E5BCB38884AF3E73A3B39 /* train1.m4a in Resources */ = {isa = PBXBuildFile; fileRef = 36672E7EAE89286BBE7CB6E4 /* train1.m4a */; };
		CC64DE9E4228375A9DE9B559 /* ImmersionBackdrop.swift in Sources */ = {isa = PBXBuildFile; fileRef = C7C65F125E367864CD4EFAA6 /* ImmersionBackdrop.swift */; };
		D08E229FEAC468B1D6F092A5 /* campfire1.m4a in Resources */ = {isa = PBXBuildFile; fileRef = 04AD9E3C8264EC0B758BACD6 /* campfire1.m4a */; };
		D32E7019167FC0BD89525394 /* LiquidAuraBackdrop.swift in Sources */ = {isa = PBXBuildFile; fileRef = 65568929846ABF6FF2C4CFEE /* LiquidAuraBackdrop.swift */; };
		D7B96C93441BFB235273BB67 /* RoutePickerView.swift in Sources */ = {isa = PBXBuildFile; fileRef = 287A99AE4592B7679C7E8DF9 /* RoutePickerView.swift */; };
		D7B97038BFB06D9F750AFB13 /* OasisNativeScreenshots.swift in Sources */ = {isa = PBXBuildFile; fileRef = 7C623C542C27825D59432707 /* OasisNativeScreenshots.swift */; };
		D8C330BBE9E59F017C065CFF /* 1_binaural_sleep_delta.m4a in Resources */ = {isa = PBXBuildFile; fileRef = 9380D96999CDD0FDFE788A52 /* 1_binaural_sleep_delta.m4a */; };
		DBAC61E6A0F0FE2FB5764484 /* OnboardingView.swift in Sources */ = {isa = PBXBuildFile; fileRef = 51B3CB1D4D5D7E10438649FE /* OnboardingView.swift */; };
		E1BFEDF019FC13329EEB9D9A /* orage1.m4a in Resources */ = {isa = PBXBuildFile; fileRef = 26947D16DC2F8BD694D55501 /* orage1.m4a */; };
		E3BBFED2B787A3944040FA41 /* GlassSurfaces.swift in Sources */ = {isa = PBXBuildFile; fileRef = D463BD40D0765E19BAFAA676 /* GlassSurfaces.swift */; };
		E457E64008522722BA963FDC /* RevenueCatUI in Frameworks */ = {isa = PBXBuildFile; productRef = B71944C0B545C137BB2B3F1B /* RevenueCatUI */; };
		E477CD04F1FF3431BA764449 /* Foundation.framework in Frameworks */ = {isa = PBXBuildFile; fileRef = 2BF8797C98BC03A9AD8C0A70 /* Foundation.framework */; };
		ED619EC03E97F614AA4B3AD9 /* MixerBoardSectionView.swift in Sources */ = {isa = PBXBuildFile; fileRef = F722DFC3E02EFDFA47D02EBE /* MixerBoardSectionView.swift */; };
		F725330A99311440515FA542 /* riviere1.m4a in Resources */ = {isa = PBXBuildFile; fileRef = B75F22AB81739679F04D7B8B /* riviere1.m4a */; };
		F9C655FF80C184391DB565D9 /* LiquidAuraShaders.metal in Sources */ = {isa = PBXBuildFile; fileRef = 978E272230717CD3525144B2 /* LiquidAuraShaders.metal */; };
		FE96129D2EF87B1C472827F3 /* goelants1.m4a in Resources */ = {isa = PBXBuildFile; fileRef = F555CE01522027B1C4373F45 /* goelants1.m4a */; };
		FEE686D3579910F6AB65ECEB /* BinauralPanel.swift in Sources */ = {isa = PBXBuildFile; fileRef = E3FC9964C3989A348587301A /* BinauralPanel.swift */; };
/* End PBXBuildFile section */

/* Begin PBXContainerItemProxy section */
		C15687D70D4E3C199862A168 /* PBXContainerItemProxy */ = {
			isa = PBXContainerItemProxy;
			containerPortal = 4814063F008B0B299BC02866 /* Project object */;
			proxyType = 1;
			remoteGlobalIDString = 1A35AA4B7425FC09A7466F71;
			remoteInfo = OasisNative;
		};
/* End PBXContainerItemProxy section */

/* Begin PBXFileReference section */
		013C369BC4E722E718976A24 /* Assets.xcassets */ = {isa = PBXFileReference; includeInIndex = 1; lastKnownFileType = folder.assetcatalog; path = Assets.xcassets; sourceTree = "<group>"; };
		03E07A1C5F5DA14C8D9CDF4B /* PremiumModels.swift */ = {isa = PBXFileReference; includeInIndex = 1; lastKnownFileType = sourcecode.swift; path = PremiumModels.swift; sourceTree = "<group>"; };
		04AD9E3C8264EC0B758BACD6 /* campfire1.m4a */ = {isa = PBXFileReference; includeInIndex = 1; path = campfire1.m4a; sourceTree = "<group>"; };
		06AEF06BB92F385C76108C97 /* TimeOfDayTint.swift */ = {isa = PBXFileReference; includeInIndex = 1; lastKnownFileType = sourcecode.swift; path = TimeOfDayTint.swift; sourceTree = "<group>"; };
		085C71511B7C26390E1CD080 /* SoundChannelMetadata.swift */ = {isa = PBXFileReference; includeInIndex = 1; lastKnownFileType = sourcecode.swift; path = SoundChannelMetadata.swift; sourceTree = "<group>"; };
		0ED390F42ECA381023333488 /* AppConfiguration.swift */ = {isa = PBXFileReference; includeInIndex = 1; lastKnownFileType = sourcecode.swift; path = AppConfiguration.swift; sourceTree = "<group>"; };
		11BB996FE76484EAC1C8CD4D /* SoundDetailSheet.swift */ = {isa = PBXFileReference; includeInIndex = 1; lastKnownFileType = sourcecode.swift; path = SoundDetailSheet.swift; sourceTree = "<group>"; };
		180485757B55984F224E0241 /* 2_binaural_meditation_theta.m4a */ = {isa = PBXFileReference; includeInIndex = 1; path = 2_binaural_meditation_theta.m4a; sourceTree = "<group>"; };
		23B0797C4F5F6E27DC2CEAD0 /* savane1.m4a */ = {isa = PBXFileReference; includeInIndex = 1; path = savane1.m4a; sourceTree = "<group>"; };
		268DB200D48B5A50635B1455 /* Info.plist */ = {isa = PBXFileReference; includeInIndex = 1; lastKnownFileType = text.plist.xml; path = Info.plist; sourceTree = "<group>"; };
		26947D16DC2F8BD694D55501 /* orage1.m4a */ = {isa = PBXFileReference; includeInIndex = 1; path = orage1.m4a; sourceTree = "<group>"; };
		287A99AE4592B7679C7E8DF9 /* RoutePickerView.swift */ = {isa = PBXFileReference; includeInIndex = 1; lastKnownFileType = sourcecode.swift; path = RoutePickerView.swift; sourceTree = "<group>"; };
		28BC4917C837FEF9B53E9222 /* 4_binaural_focus_beta.m4a */ = {isa = PBXFileReference; includeInIndex = 1; path = 4_binaural_focus_beta.m4a; sourceTree = "<group>"; };
		2BF8797C98BC03A9AD8C0A70 /* Foundation.framework */ = {isa = PBXFileReference; lastKnownFileType = wrapper.framework; name = Foundation.framework; path = Platforms/iPhoneOS.platform/Developer/SDKs/iPhoneOS18.0.sdk/System/Library/Frameworks/Foundation.framework; sourceTree = DEVELOPER_DIR; };
		35061932633DA717E6A821A0 /* icon.json */ = {isa = PBXFileReference; includeInIndex = 1; path = icon.json; sourceTree = "<group>"; };
		350CC60C6F51025C1B194606 /* TelemetryDeckAnalyticsSink.swift */ = {isa = PBXFileReference; includeInIndex = 1; lastKnownFileType = sourcecode.swift; path = TelemetryDeckAnalyticsSink.swift; sourceTree = "<group>"; };
		36672E7EAE89286BBE7CB6E4 /* train1.m4a */ = {isa = PBXFileReference; includeInIndex = 1; path = train1.m4a; sourceTree = "<group>"; };
		3C8C2EFE9DAE13F6AFB9313B /* RootView.swift */ = {isa = PBXFileReference; includeInIndex = 1; lastKnownFileType = sourcecode.swift; path = RootView.swift; sourceTree = "<group>"; };
		40960AD9550ECAE9181CEC02 /* AnimatedLiquidAura.swift */ = {isa = PBXFileReference; includeInIndex = 1; lastKnownFileType = sourcecode.swift; path = AnimatedLiquidAura.swift; sourceTree = "<group>"; };
		4108A16ACF1D6D8E5FDC4008 /* PremiumSurfaces.swift */ = {isa = PBXFileReference; includeInIndex = 1; lastKnownFileType = sourcecode.swift; path = PremiumSurfaces.swift; sourceTree = "<group>"; };
		4814B8D60194A22F5557114A /* vent1.m4a */ = {isa = PBXFileReference; includeInIndex = 1; path = vent1.m4a; sourceTree = "<group>"; };
		4A20ECB026EB2447FD7B2621 /* PresetsPanel.swift */ = {isa = PBXFileReference; includeInIndex = 1; lastKnownFileType = sourcecode.swift; path = PresetsPanel.swift; sourceTree = "<group>"; };
		51B3CB1D4D5D7E10438649FE /* OnboardingView.swift */ = {isa = PBXFileReference; includeInIndex = 1; lastKnownFileType = sourcecode.swift; path = OnboardingView.swift; sourceTree = "<group>"; };
		5AEAC5C057DCDAB8C42D372F /* AppModels.swift */ = {isa = PBXFileReference; includeInIndex = 1; lastKnownFileType = sourcecode.swift; path = AppModels.swift; sourceTree = "<group>"; };
		5B413829059102BC0B9CFA9E /* SnapshotHelper.swift */ = {isa = PBXFileReference; includeInIndex = 1; lastKnownFileType = sourcecode.swift; path = SnapshotHelper.swift; sourceTree = "<group>"; };
		6229C24BAC1075C24381E208 /* PressScaleButtonStyle.swift */ = {isa = PBXFileReference; includeInIndex = 1; lastKnownFileType = sourcecode.swift; path = PressScaleButtonStyle.swift; sourceTree = "<group>"; };
		627CD24BEA7377D38DCAF5BE /* PremiumRevenueCatService.swift */ = {isa = PBXFileReference; includeInIndex = 1; lastKnownFileType = sourcecode.swift; path = PremiumRevenueCatService.swift; sourceTree = "<group>"; };
		648B9296DCF87C1D445BF7FB /* OasisNativeApp.swift */ = {isa = PBXFileReference; includeInIndex = 1; lastKnownFileType = sourcecode.swift; path = OasisNativeApp.swift; sourceTree = "<group>"; };
		65568929846ABF6FF2C4CFEE /* LiquidAuraBackdrop.swift */ = {isa = PBXFileReference; includeInIndex = 1; lastKnownFileType = sourcecode.swift; path = LiquidAuraBackdrop.swift; sourceTree = "<group>"; };
		68DB2ED32397B9C58A22BF89 /* SceneNarrative.swift */ = {isa = PBXFileReference; includeInIndex = 1; lastKnownFileType = sourcecode.swift; path = SceneNarrative.swift; sourceTree = "<group>"; };
		6BC1CEC7D77F3C639D03841B /* jungleamerique1.m4a */ = {isa = PBXFileReference; includeInIndex = 1; path = jungleamerique1.m4a; sourceTree = "<group>"; };
		707E7FC18D7977789D309081 /* voiture1.m4a */ = {isa = PBXFileReference; includeInIndex = 1; path = voiture1.m4a; sourceTree = "<group>"; };
		7317B5F19C7C0C30465141F6 /* SceneCard.swift */ = {isa = PBXFileReference; includeInIndex = 1; lastKnownFileType = sourcecode.swift; path = SceneCard.swift; sourceTree = "<group>"; };
		73D87AC2E976339F239585C8 /* HomeHeaderView.swift */ = {isa = PBXFileReference; includeInIndex = 1; lastKnownFileType = sourcecode.swift; path = HomeHeaderView.swift; sourceTree = "<group>"; };
		774088687EB8516C17E7BA6C /* tente1.m4a */ = {isa = PBXFileReference; includeInIndex = 1; path = tente1.m4a; sourceTree = "<group>"; };
		7BD0F6F49EB4F1DE3E90370D /* HomeView.swift */ = {isa = PBXFileReference; includeInIndex = 1; lastKnownFileType = sourcecode.swift; path = HomeView.swift; sourceTree = "<group>"; };
		7C0CF1EC68FB8ABAA8C989C1 /* pluie1.m4a */ = {isa = PBXFileReference; includeInIndex = 1; path = pluie1.m4a; sourceTree = "<group>"; };
		7C623C542C27825D59432707 /* OasisNativeScreenshots.swift */ = {isa = PBXFileReference; includeInIndex = 1; lastKnownFileType = sourcecode.swift; path = OasisNativeScreenshots.swift; sourceTree = "<group>"; };
		7D51D83DCC4B7AC297B4B6FF /* PremiumCoordinator.swift */ = {isa = PBXFileReference; includeInIndex = 1; lastKnownFileType = sourcecode.swift; path = PremiumCoordinator.swift; sourceTree = "<group>"; };
		8B74EC0578DDB97BDAFA3B4D /* L10n.swift */ = {isa = PBXFileReference; includeInIndex = 1; lastKnownFileType = sourcecode.swift; path = L10n.swift; sourceTree = "<group>"; };
		8D9BC311CBB971FEC2F0C345 /* foret1.m4a */ = {isa = PBXFileReference; includeInIndex = 1; path = foret1.m4a; sourceTree = "<group>"; };
		8E4F19EDAF3F33DC3BE571E8 /* TimerUnlockPanel.swift */ = {isa = PBXFileReference; includeInIndex = 1; lastKnownFileType = sourcecode.swift; path = TimerUnlockPanel.swift; sourceTree = "<group>"; };
		91E29C7FC96F790C9A266068 /* OasisNative.app */ = {isa = PBXFileReference; explicitFileType = wrapper.application; includeInIndex = 0; path = OasisNative.app; sourceTree = BUILT_PRODUCTS_DIR; };
		9380D96999CDD0FDFE788A52 /* 1_binaural_sleep_delta.m4a */ = {isa = PBXFileReference; includeInIndex = 1; path = 1_binaural_sleep_delta.m4a; sourceTree = "<group>"; };
		978E272230717CD3525144B2 /* LiquidAuraShaders.metal */ = {isa = PBXFileReference; includeInIndex = 1; path = LiquidAuraShaders.metal; sourceTree = "<group>"; };
		99E2AA30A0396BE073B4B4A4 /* SpatialAudioPanel.swift */ = {isa = PBXFileReference; includeInIndex = 1; lastKnownFileType = sourcecode.swift; path = SpatialAudioPanel.swift; sourceTree = "<group>"; };
		9B7E278B569A42B82CC82120 /* EntryRitual.swift */ = {isa = PBXFileReference; includeInIndex = 1; lastKnownFileType = sourcecode.swift; path = EntryRitual.swift; sourceTree = "<group>"; };
		9B86D511E68999FBD19904C2 /* Localizable.xcstrings */ = {isa = PBXFileReference; includeInIndex = 1; path = Localizable.xcstrings; sourceTree = "<group>"; };
		A63C8AC79FDC13406B88D82F /* oiseaux1.m4a */ = {isa = PBXFileReference; includeInIndex = 1; path = oiseaux1.m4a; sourceTree = "<group>"; };
		ABA4F332412979D378EAE7D5 /* HapticSlider.swift */ = {isa = PBXFileReference; includeInIndex = 1; lastKnownFileType = sourcecode.swift; path = HapticSlider.swift; sourceTree = "<group>"; };
		AD2BB2A461BBA15FE4C7E94B /* AppModel.swift */ = {isa = PBXFileReference; includeInIndex = 1; lastKnownFileType = sourcecode.swift; path = AppModel.swift; sourceTree = "<group>"; };
		B2B719CE52FE6B80EC1A4115 /* LiquidActivityPalette.swift */ = {isa = PBXFileReference; includeInIndex = 1; lastKnownFileType = sourcecode.swift; path = LiquidActivityPalette.swift; sourceTree = "<group>"; };
		B417A17D2956CF1A96B1A5C4 /* AnimatedBackdrop.swift */ = {isa = PBXFileReference; includeInIndex = 1; lastKnownFileType = sourcecode.swift; path = AnimatedBackdrop.swift; sourceTree = "<group>"; };
		B5AA444D91763E9D0431EA58 /* ville1.m4a */ = {isa = PBXFileReference; includeInIndex = 1; path = ville1.m4a; sourceTree = "<group>"; };
		B75F22AB81739679F04D7B8B /* riviere1.m4a */ = {isa = PBXFileReference; includeInIndex = 1; path = riviere1.m4a; sourceTree = "<group>"; };
		B86FF03D81A3B270146279FC /* lac1.m4a */ = {isa = PBXFileReference; includeInIndex = 1; path = lac1.m4a; sourceTree = "<group>"; };
		C7C65F125E367864CD4EFAA6 /* ImmersionBackdrop.swift */ = {isa = PBXFileReference; includeInIndex = 1; lastKnownFileType = sourcecode.swift; path = ImmersionBackdrop.swift; sourceTree = "<group>"; };
		C7DFC7C909644DA7D98C5D5F /* oasisLogo.png */ = {isa = PBXFileReference; includeInIndex = 1; lastKnownFileType = image.png; path = oasisLogo.png; sourceTree = "<group>"; };
		CCAA45A3EC3236085F853F3F /* cigales1.m4a */ = {isa = PBXFileReference; includeInIndex = 1; path = cigales1.m4a; sourceTree = "<group>"; };
		D219E9CFFF08B2ED8489E49D /* SceneCoordinator.swift */ = {isa = PBXFileReference; includeInIndex = 1; lastKnownFileType = sourcecode.swift; path = SceneCoordinator.swift; sourceTree = "<group>"; };
		D463BD40D0765E19BAFAA676 /* GlassSurfaces.swift */ = {isa = PBXFileReference; includeInIndex = 1; lastKnownFileType = sourcecode.swift; path = GlassSurfaces.swift; sourceTree = "<group>"; };
		D5C319CD9BEA9A7B0FADD214 /* BottomBarView.swift */ = {isa = PBXFileReference; includeInIndex = 1; lastKnownFileType = sourcecode.swift; path = BottomBarView.swift; sourceTree = "<group>"; };
		DAB379444C293BFA4C5387C6 /* Scene.swift */ = {isa = PBXFileReference; includeInIndex = 1; lastKnownFileType = sourcecode.swift; path = Scene.swift; sourceTree = "<group>"; };
		DB29EA682860F4FF9E2B1A04 /* AudioMixerEngine.swift */ = {isa = PBXFileReference; includeInIndex = 1; lastKnownFileType = sourcecode.swift; path = AudioMixerEngine.swift; sourceTree = "<group>"; };
		E24DEF77F77CC7BB4D622F38 /* oasis logo 3.png */ = {isa = PBXFileReference; includeInIndex = 1; lastKnownFileType = image.png; path = "oasis logo 3.png"; sourceTree = "<group>"; };
		E3FC9964C3989A348587301A /* BinauralPanel.swift */ = {isa = PBXFileReference; includeInIndex = 1; lastKnownFileType = sourcecode.swift; path = BinauralPanel.swift; sourceTree = "<group>"; };
		E5EB2173085C7889A6EA5307 /* plage1.m4a */ = {isa = PBXFileReference; includeInIndex = 1; path = plage1.m4a; sourceTree = "<group>"; };
		E859DDB80E248BE97432EE40 /* cafe1.m4a */ = {isa = PBXFileReference; includeInIndex = 1; path = cafe1.m4a; sourceTree = "<group>"; };
		EF836E7D5A8AA87A2C86C5BE /* OasisNativePremiumFlowTests.swift */ = {isa = PBXFileReference; includeInIndex = 1; lastKnownFileType = sourcecode.swift; path = OasisNativePremiumFlowTests.swift; sourceTree = "<group>"; };
		F1B8D88141F87874BC2AE4CA /* jungleasie1.m4a */ = {isa = PBXFileReference; includeInIndex = 1; path = jungleasie1.m4a; sourceTree = "<group>"; };
		F49E41307CFBD5F3F52C94BF /* OasisNativeUITests.xctest */ = {isa = PBXFileReference; explicitFileType = wrapper.cfbundle; includeInIndex = 0; path = OasisNativeUITests.xctest; sourceTree = BUILT_PRODUCTS_DIR; };
		F555CE01522027B1C4373F45 /* goelants1.m4a */ = {isa = PBXFileReference; includeInIndex = 1; path = goelants1.m4a; sourceTree = "<group>"; };
		F722DFC3E02EFDFA47D02EBE /* MixerBoardSectionView.swift */ = {isa = PBXFileReference; includeInIndex = 1; lastKnownFileType = sourcecode.swift; path = MixerBoardSectionView.swift; sourceTree = "<group>"; };
		F86CE7D08769361891127B97 /* PaywallOverlay.swift */ = {isa = PBXFileReference; includeInIndex = 1; lastKnownFileType = sourcecode.swift; path = PaywallOverlay.swift; sourceTree = "<group>"; };
		FA77DF33F1A3295B9E2C7F0E /* PremiumAnalytics.swift */ = {isa = PBXFileReference; includeInIndex = 1; lastKnownFileType = sourcecode.swift; path = PremiumAnalytics.swift; sourceTree = "<group>"; };
		FD5C35F5306756F010BF2878 /* 3_binaural_relax_alpha.m4a */ = {isa = PBXFileReference; includeInIndex = 1; path = 3_binaural_relax_alpha.m4a; sourceTree = "<group>"; };
		FF2B9B19E9EAE4DC96A68320 /* grillons1.m4a */ = {isa = PBXFileReference; includeInIndex = 1; path = grillons1.m4a; sourceTree = "<group>"; };
/* End PBXFileReference section */

/* Begin PBXFrameworksBuildPhase section */
		2DA3AD21093C60F255E68956 /* Frameworks */ = {
			isa = PBXFrameworksBuildPhase;
			buildActionMask = 2147483647;
			files = (
				E477CD04F1FF3431BA764449 /* Foundation.framework in Frameworks */,
			);
			runOnlyForDeploymentPostprocessing = 0;
		};
		59333E3EE54544FD82705B35 /* Frameworks */ = {
			isa = PBXFrameworksBuildPhase;
			buildActionMask = 2147483647;
			files = (
				4854A9CC4794F4FCC604B2D8 /* Foundation.framework in Frameworks */,
				523EA332936A82B05CE478B3 /* RevenueCat in Frameworks */,
				E457E64008522722BA963FDC /* RevenueCatUI in Frameworks */,
			);
			runOnlyForDeploymentPostprocessing = 0;
		};
/* End PBXFrameworksBuildPhase section */

/* Begin PBXGroup section */
		00F76CA6980003D58A05CECA /* Components */ = {
			isa = PBXGroup;
			children = (
				A25DA8CD3BB3FDFB0419A918 /* Background */,
				669DD39BDF0FA7647F41BEB1 /* BottomBar */,
				0D26C640DB25EBA65779FBBC /* Glass */,
				D31124E970C8708D9C3FDD12 /* Header */,
				52CBB4448588B054ACE50E90 /* Immersion */,
				D076EF1678C82143C29B5FE5 /* Liquid */,
				12B5F24EDEA48EAC9754AD2A /* Mixer */,
				6F8BFE22601A50896BC15E8A /* Premium */,
				B7A7278A7183623527C2A861 /* Styles */,
			);
			name = Components;
			path = Components;
			sourceTree = "<group>";
		};
		0293FEC3A192D6DF6FE441DB /* Frameworks */ = {
			isa = PBXGroup;
			children = (
				19C9791AD72E4C9B011670D4 /* iOS */,
			);
			name = Frameworks;
			sourceTree = "<group>";
		};
		05F29678E62FAD94CD1ADEDA /* Support */ = {
			isa = PBXGroup;
			children = (
				0ED390F42ECA381023333488 /* AppConfiguration.swift */,
				268DB200D48B5A50635B1455 /* Info.plist */,
				8B74EC0578DDB97BDAFA3B4D /* L10n.swift */,
				978E272230717CD3525144B2 /* LiquidAuraShaders.metal */,
				287A99AE4592B7679C7E8DF9 /* RoutePickerView.swift */,
				68DB2ED32397B9C58A22BF89 /* SceneNarrative.swift */,
			);
			name = Support;
			path = Support;
			sourceTree = "<group>";
		};
		0D26C640DB25EBA65779FBBC /* Glass */ = {
			isa = PBXGroup;
			children = (
				D463BD40D0765E19BAFAA676 /* GlassSurfaces.swift */,
			);
			name = Glass;
			path = Glass;
			sourceTree = "<group>";
		};
		1279DB22E14105CA257621DC = {
			isa = PBXGroup;
			children = (
				8FF4EF7BBD8C2BA98448DB48 /* Products */,
				0293FEC3A192D6DF6FE441DB /* Frameworks */,
				D6CAFF6B5F5A5337346DF0A8 /* OasisNative */,
				FFCE034B71DB2CE0D2699762 /* OasisNativeUITests */,
			);
			sourceTree = "<group>";
		};
		12B5F24EDEA48EAC9754AD2A /* Mixer */ = {
			isa = PBXGroup;
			children = (
				ABA4F332412979D378EAE7D5 /* HapticSlider.swift */,
				F722DFC3E02EFDFA47D02EBE /* MixerBoardSectionView.swift */,
			);
			name = Mixer;
			path = Mixer;
			sourceTree = "<group>";
		};
		19C9791AD72E4C9B011670D4 /* iOS */ = {
			isa = PBXGroup;
			children = (
				2BF8797C98BC03A9AD8C0A70 /* Foundation.framework */,
			);
			name = iOS;
			sourceTree = "<group>";
		};
		1AD838D487BCF2F07146E64A /* Services */ = {
			isa = PBXGroup;
			children = (
				AD2BB2A461BBA15FE4C7E94B /* AppModel.swift */,
				DB29EA682860F4FF9E2B1A04 /* AudioMixerEngine.swift */,
				FA77DF33F1A3295B9E2C7F0E /* PremiumAnalytics.swift */,
				7D51D83DCC4B7AC297B4B6FF /* PremiumCoordinator.swift */,
				627CD24BEA7377D38DCAF5BE /* PremiumRevenueCatService.swift */,
				D219E9CFFF08B2ED8489E49D /* SceneCoordinator.swift */,
				350CC60C6F51025C1B194606 /* TelemetryDeckAnalyticsSink.swift */,
			);
			name = Services;
			path = Services;
			sourceTree = "<group>";
		};
		4217C3000DBBB24779F539C9 /* Overlays */ = {
			isa = PBXGroup;
			children = (
				E3FC9964C3989A348587301A /* BinauralPanel.swift */,
				51B3CB1D4D5D7E10438649FE /* OnboardingView.swift */,
				F86CE7D08769361891127B97 /* PaywallOverlay.swift */,
				4A20ECB026EB2447FD7B2621 /* PresetsPanel.swift */,
				11BB996FE76484EAC1C8CD4D /* SoundDetailSheet.swift */,
				99E2AA30A0396BE073B4B4A4 /* SpatialAudioPanel.swift */,
				8E4F19EDAF3F33DC3BE571E8 /* TimerUnlockPanel.swift */,
			);
			name = Overlays;
			path = Overlays;
			sourceTree = "<group>";
		};
		52CBB4448588B054ACE50E90 /* Immersion */ = {
			isa = PBXGroup;
			children = (
				9B7E278B569A42B82CC82120 /* EntryRitual.swift */,
				C7C65F125E367864CD4EFAA6 /* ImmersionBackdrop.swift */,
				65568929846ABF6FF2C4CFEE /* LiquidAuraBackdrop.swift */,
				7317B5F19C7C0C30465141F6 /* SceneCard.swift */,
				06AEF06BB92F385C76108C97 /* TimeOfDayTint.swift */,
			);
			name = Immersion;
			path = Immersion;
			sourceTree = "<group>";
		};
		5385C8E9FD097778A1565146 /* Images */ = {
			isa = PBXGroup;
			children = (
				C7DFC7C909644DA7D98C5D5F /* oasisLogo.png */,
			);
			name = Images;
			path = Images;
			sourceTree = "<group>";
		};
		669DD39BDF0FA7647F41BEB1 /* BottomBar */ = {
			isa = PBXGroup;
			children = (
				D5C319CD9BEA9A7B0FADD214 /* BottomBarView.swift */,
			);
			name = BottomBar;
			path = BottomBar;
			sourceTree = "<group>";
		};
		6B78FC3B7E6144C5CFC8B3FF /* AppIcon.icon */ = {
			isa = PBXGroup;
			children = (
				8858E5557CDF485FA2669C78 /* Assets */,
				35061932633DA717E6A821A0 /* icon.json */,
			);
			name = AppIcon.icon;
			path = AppIcon.icon;
			sourceTree = "<group>";
		};
		6F8BFE22601A50896BC15E8A /* Premium */ = {
			isa = PBXGroup;
			children = (
				4108A16ACF1D6D8E5FDC4008 /* PremiumSurfaces.swift */,
			);
			name = Premium;
			path = Premium;
			sourceTree = "<group>";
		};
		815746D365B6DBF26BAAF86F /* Models */ = {
			isa = PBXGroup;
			children = (
				5AEAC5C057DCDAB8C42D372F /* AppModels.swift */,
				03E07A1C5F5DA14C8D9CDF4B /* PremiumModels.swift */,
				DAB379444C293BFA4C5387C6 /* Scene.swift */,
				085C71511B7C26390E1CD080 /* SoundChannelMetadata.swift */,
			);
			name = Models;
			path = Models;
			sourceTree = "<group>";
		};
		8858E5557CDF485FA2669C78 /* Assets */ = {
			isa = PBXGroup;
			children = (
				E24DEF77F77CC7BB4D622F38 /* oasis logo 3.png */,
			);
			name = Assets;
			path = Assets;
			sourceTree = "<group>";
		};
		8FF4EF7BBD8C2BA98448DB48 /* Products */ = {
			isa = PBXGroup;
			children = (
				91E29C7FC96F790C9A266068 /* OasisNative.app */,
				F49E41307CFBD5F3F52C94BF /* OasisNativeUITests.xctest */,
			);
			name = Products;
			sourceTree = "<group>";
		};
		97F0D8F063387584FD777BF6 /* Views */ = {
			isa = PBXGroup;
			children = (
				00F76CA6980003D58A05CECA /* Components */,
				7BD0F6F49EB4F1DE3E90370D /* HomeView.swift */,
				4217C3000DBBB24779F539C9 /* Overlays */,
				3C8C2EFE9DAE13F6AFB9313B /* RootView.swift */,
			);
			name = Views;
			path = Views;
			sourceTree = "<group>";
		};
		A25DA8CD3BB3FDFB0419A918 /* Background */ = {
			isa = PBXGroup;
			children = (
				B417A17D2956CF1A96B1A5C4 /* AnimatedBackdrop.swift */,
			);
			name = Background;
			path = Background;
			sourceTree = "<group>";
		};
		B7A7278A7183623527C2A861 /* Styles */ = {
			isa = PBXGroup;
			children = (
				6229C24BAC1075C24381E208 /* PressScaleButtonStyle.swift */,
			);
			name = Styles;
			path = Styles;
			sourceTree = "<group>";
		};
		CD2CA856B817CB81F8184734 /* Audio */ = {
			isa = PBXGroup;
			children = (
				9380D96999CDD0FDFE788A52 /* 1_binaural_sleep_delta.m4a */,
				180485757B55984F224E0241 /* 2_binaural_meditation_theta.m4a */,
				FD5C35F5306756F010BF2878 /* 3_binaural_relax_alpha.m4a */,
				28BC4917C837FEF9B53E9222 /* 4_binaural_focus_beta.m4a */,
				E859DDB80E248BE97432EE40 /* cafe1.m4a */,
				04AD9E3C8264EC0B758BACD6 /* campfire1.m4a */,
				CCAA45A3EC3236085F853F3F /* cigales1.m4a */,
				8D9BC311CBB971FEC2F0C345 /* foret1.m4a */,
				F555CE01522027B1C4373F45 /* goelants1.m4a */,
				FF2B9B19E9EAE4DC96A68320 /* grillons1.m4a */,
				6BC1CEC7D77F3C639D03841B /* jungleamerique1.m4a */,
				F1B8D88141F87874BC2AE4CA /* jungleasie1.m4a */,
				B86FF03D81A3B270146279FC /* lac1.m4a */,
				A63C8AC79FDC13406B88D82F /* oiseaux1.m4a */,
				26947D16DC2F8BD694D55501 /* orage1.m4a */,
				E5EB2173085C7889A6EA5307 /* plage1.m4a */,
				7C0CF1EC68FB8ABAA8C989C1 /* pluie1.m4a */,
				B75F22AB81739679F04D7B8B /* riviere1.m4a */,
				23B0797C4F5F6E27DC2CEAD0 /* savane1.m4a */,
				774088687EB8516C17E7BA6C /* tente1.m4a */,
				36672E7EAE89286BBE7CB6E4 /* train1.m4a */,
				4814B8D60194A22F5557114A /* vent1.m4a */,
				B5AA444D91763E9D0431EA58 /* ville1.m4a */,
				707E7FC18D7977789D309081 /* voiture1.m4a */,
			);
			name = Audio;
			path = Audio;
			sourceTree = "<group>";
		};
		D076EF1678C82143C29B5FE5 /* Liquid */ = {
			isa = PBXGroup;
			children = (
				40960AD9550ECAE9181CEC02 /* AnimatedLiquidAura.swift */,
				B2B719CE52FE6B80EC1A4115 /* LiquidActivityPalette.swift */,
			);
			name = Liquid;
			path = Liquid;
			sourceTree = "<group>";
		};
		D31124E970C8708D9C3FDD12 /* Header */ = {
			isa = PBXGroup;
			children = (
				73D87AC2E976339F239585C8 /* HomeHeaderView.swift */,
			);
			name = Header;
			path = Header;
			sourceTree = "<group>";
		};
		D6CAFF6B5F5A5337346DF0A8 /* OasisNative */ = {
			isa = PBXGroup;
			children = (
				6B78FC3B7E6144C5CFC8B3FF /* AppIcon.icon */,
				013C369BC4E722E718976A24 /* Assets.xcassets */,
				815746D365B6DBF26BAAF86F /* Models */,
				648B9296DCF87C1D445BF7FB /* OasisNativeApp.swift */,
				D88A025BF2EE044CCF400682 /* Resources */,
				1AD838D487BCF2F07146E64A /* Services */,
				05F29678E62FAD94CD1ADEDA /* Support */,
				97F0D8F063387584FD777BF6 /* Views */,
			);
			name = OasisNative;
			path = OasisNative;
			sourceTree = "<group>";
		};
		D88A025BF2EE044CCF400682 /* Resources */ = {
			isa = PBXGroup;
			children = (
				CD2CA856B817CB81F8184734 /* Audio */,
				5385C8E9FD097778A1565146 /* Images */,
				9B86D511E68999FBD19904C2 /* Localizable.xcstrings */,
			);
			name = Resources;
			path = Resources;
			sourceTree = "<group>";
		};
		FFCE034B71DB2CE0D2699762 /* OasisNativeUITests */ = {
			isa = PBXGroup;
			children = (
				EF836E7D5A8AA87A2C86C5BE /* OasisNativePremiumFlowTests.swift */,
				7C623C542C27825D59432707 /* OasisNativeScreenshots.swift */,
				5B413829059102BC0B9CFA9E /* SnapshotHelper.swift */,
			);
			name = OasisNativeUITests;
			path = OasisNativeUITests;
			sourceTree = "<group>";
		};
/* End PBXGroup section */

/* Begin PBXNativeTarget section */
		1A35AA4B7425FC09A7466F71 /* OasisNative */ = {
			isa = PBXNativeTarget;
			buildConfigurationList = 93058A88863324355D5571B5 /* Build configuration list for PBXNativeTarget "OasisNative" */;
			buildPhases = (
				4DCE73BF46DACD18BCFF5959 /* Sources */,
				59333E3EE54544FD82705B35 /* Frameworks */,
				FE014AB54D9C4A32735DA1AB /* Resources */,
			);
			buildRules = (
			);
			dependencies = (
			);
			name = OasisNative;
			packageProductDependencies = (
				C585B050BB2BDE579E7791E8 /* RevenueCat */,
				B71944C0B545C137BB2B3F1B /* RevenueCatUI */,
			);
			productName = Oasis;
			productReference = 91E29C7FC96F790C9A266068 /* OasisNative.app */;
			productType = "com.apple.product-type.application";
		};
		56DF4DC121A84CCCC893724D /* OasisNativeUITests */ = {
			isa = PBXNativeTarget;
			buildConfigurationList = 865502454EB8E2D5E16FD219 /* Build configuration list for PBXNativeTarget "OasisNativeUITests" */;
			buildPhases = (
				FAD7E1545E1583A21AE86D14 /* Sources */,
				2DA3AD21093C60F255E68956 /* Frameworks */,
				7562655D500B9FF0E6287A4C /* Resources */,
			);
			buildRules = (
			);
			dependencies = (
				68618AF831FF0D8FFA99B116 /* PBXTargetDependency */,
			);
			name = OasisNativeUITests;
			productName = OasisNativeUITests;
			productReference = F49E41307CFBD5F3F52C94BF /* OasisNativeUITests.xctest */;
			productType = "com.apple.product-type.bundle.ui-testing";
		};
/* End PBXNativeTarget section */

/* Begin PBXProject section */
		4814063F008B0B299BC02866 /* Project object */ = {
			isa = PBXProject;
			attributes = {
				LastSwiftUpdateCheck = 1600;
				LastUpgradeCheck = 2620;
				TargetAttributes = {
					1A35AA4B7425FC09A7466F71 = {
						CreatedOnToolsVersion = 26.2;
					};
					56DF4DC121A84CCCC893724D = {
						CreatedOnToolsVersion = 26.2;
						TestTargetID = 1A35AA4B7425FC09A7466F71;
					};
				};
			};
			buildConfigurationList = F822A07C456E6946DF8C9385 /* Build configuration list for PBXProject "OasisNative" */;
			compatibilityVersion = "Xcode 3.2";
			developmentRegion = en;
			hasScannedForEncodings = 0;
			knownRegions = (
				en,
				Base,
			);
			mainGroup = 1279DB22E14105CA257621DC;
			minimizedProjectReferenceProxies = 0;
			packageReferences = (
				4EE29D863B72E9A9F9DE1A20 /* XCRemoteSwiftPackageReference "purchases-ios-spm" */,
			);
			preferredProjectObjectVersion = 77;
			productRefGroup = 8FF4EF7BBD8C2BA98448DB48 /* Products */;
			projectDirPath = "";
			projectRoot = "";
			targets = (
				1A35AA4B7425FC09A7466F71 /* OasisNative */,
				56DF4DC121A84CCCC893724D /* OasisNativeUITests */,
			);
		};
/* End PBXProject section */

/* Begin PBXResourcesBuildPhase section */
		7562655D500B9FF0E6287A4C /* Resources */ = {
			isa = PBXResourcesBuildPhase;
			buildActionMask = 2147483647;
			files = (
			);
			runOnlyForDeploymentPostprocessing = 0;
		};
		FE014AB54D9C4A32735DA1AB /* Resources */ = {
			isa = PBXResourcesBuildPhase;
			buildActionMask = 2147483647;
			files = (
				0C759D8AB48EB3466EBADFC1 /* oasis logo 3.png in Resources */,
				C80CEB1DB2E94CAB1F01F5B9 /* icon.json in Resources */,
				BA15031B5A924B9AEE0DE24F /* Assets.xcassets in Resources */,
				D8C330BBE9E59F017C065CFF /* 1_binaural_sleep_delta.m4a in Resources */,
				55C68723FE759A393B691CBE /* 2_binaural_meditation_theta.m4a in Resources */,
				941A2A35C2E63B8738BC34E3 /* 3_binaural_relax_alpha.m4a in Resources */,
				62DB2ACE91CD9CDE2457BB08 /* 4_binaural_focus_beta.m4a in Resources */,
				5F0F0DA5DA638C3A035DA038 /* cafe1.m4a in Resources */,
				D08E229FEAC468B1D6F092A5 /* campfire1.m4a in Resources */,
				C921DFE0CEF3F33254112636 /* cigales1.m4a in Resources */,
				BD13395601EF2D22E3274F31 /* foret1.m4a in Resources */,
				FE96129D2EF87B1C472827F3 /* goelants1.m4a in Resources */,
				7CCAB8EF32B6E75C93D86717 /* grillons1.m4a in Resources */,
				20A557B83E2F155AE24BAE7E /* jungleamerique1.m4a in Resources */,
				C756E280211E11FD708BDAD1 /* jungleasie1.m4a in Resources */,
				A2B984150FF2B727AF2C2BD4 /* lac1.m4a in Resources */,
				6EFC431A14FE64B431D4314F /* oiseaux1.m4a in Resources */,
				E1BFEDF019FC13329EEB9D9A /* orage1.m4a in Resources */,
				2A7376232F937B074F9499D8 /* plage1.m4a in Resources */,
				06A72023E526D6F2E13CF88B /* pluie1.m4a in Resources */,
				F725330A99311440515FA542 /* riviere1.m4a in Resources */,
				28A25C7CD3AC55532D34C1DD /* savane1.m4a in Resources */,
				2A148FC9FBC25B046F434537 /* tente1.m4a in Resources */,
				CB0E5BCB38884AF3E73A3B39 /* train1.m4a in Resources */,
				7D1C4A665894CB7195E6A60F /* vent1.m4a in Resources */,
				1A00E7E901489F5DA297EC61 /* ville1.m4a in Resources */,
				50A74FD6F6C4C0AC55DD11F5 /* voiture1.m4a in Resources */,
				90474C0D3441DDF85CCA2A5E /* oasisLogo.png in Resources */,
				46719E0D7A2A1D1EF8629DC7 /* Localizable.xcstrings in Resources */,
			);
			runOnlyForDeploymentPostprocessing = 0;
		};
/* End PBXResourcesBuildPhase section */

/* Begin PBXSourcesBuildPhase section */
		4DCE73BF46DACD18BCFF5959 /* Sources */ = {
			isa = PBXSourcesBuildPhase;
			buildActionMask = 2147483647;
			files = (
				5EC671E2F39477CD073D397F /* AppModels.swift in Sources */,
				2F928B2D7AB620E3EAC01F4B /* PremiumModels.swift in Sources */,
				A590FEEB7510A4C4235342FA /* Scene.swift in Sources */,
				0E1853EE5501C362B98D0B1D /* SoundChannelMetadata.swift in Sources */,
				C65A90402701308BF74C0317 /* OasisNativeApp.swift in Sources */,
				55167A6840F2018B1D1BC387 /* AppModel.swift in Sources */,
				464CDD657B08980F68B3442F /* AudioMixerEngine.swift in Sources */,
				8362320DA32C5BA18AE113BA /* PremiumAnalytics.swift in Sources */,
				5C96184DB830919EC7F61963 /* PremiumCoordinator.swift in Sources */,
				C366D950E30E22527F1EB8DD /* PremiumRevenueCatService.swift in Sources */,
				6A26BC93FD4B6EB869612890 /* SceneCoordinator.swift in Sources */,
				A6528DB7EF7965737B959549 /* TelemetryDeckAnalyticsSink.swift in Sources */,
				68D3D7D2A5E33D30EC0D7BC4 /* AppConfiguration.swift in Sources */,
				3C7630BDEFB4BD80F0ADF1F3 /* L10n.swift in Sources */,
				F9C655FF80C184391DB565D9 /* LiquidAuraShaders.metal in Sources */,
				D7B96C93441BFB235273BB67 /* RoutePickerView.swift in Sources */,
				04103D2F1D59552CF1458CD3 /* SceneNarrative.swift in Sources */,
				B5381A762529ADC2E337A22A /* AnimatedBackdrop.swift in Sources */,
				55C92705824EE299BBDC9255 /* BottomBarView.swift in Sources */,
				E3BBFED2B787A3944040FA41 /* GlassSurfaces.swift in Sources */,
				982FC442719005CA390EC9FB /* HomeHeaderView.swift in Sources */,
				A164B32BF3DF06EDE5C2BFDF /* EntryRitual.swift in Sources */,
				CC64DE9E4228375A9DE9B559 /* ImmersionBackdrop.swift in Sources */,
				D32E7019167FC0BD89525394 /* LiquidAuraBackdrop.swift in Sources */,
				B5DE24707953F11EC715E23C /* SceneCard.swift in Sources */,
				56C316036F27B96A5E21DFE3 /* TimeOfDayTint.swift in Sources */,
				95759A592328EF5F9B3266BE /* AnimatedLiquidAura.swift in Sources */,
				ADDAFDCF553A7AB9A1AAE659 /* LiquidActivityPalette.swift in Sources */,
				A19BCFE54786E8A4842646C6 /* HapticSlider.swift in Sources */,
				ED619EC03E97F614AA4B3AD9 /* MixerBoardSectionView.swift in Sources */,
				20FD123F9E475136B4DBF6EA /* PremiumSurfaces.swift in Sources */,
				0B9B0AAF3C9DA006F6A4BEED /* PressScaleButtonStyle.swift in Sources */,
				0A5B95C9AF81D642DF2941C1 /* HomeView.swift in Sources */,
				FEE686D3579910F6AB65ECEB /* BinauralPanel.swift in Sources */,
				DBAC61E6A0F0FE2FB5764484 /* OnboardingView.swift in Sources */,
				3521105CBDB7FCE4AE302626 /* PaywallOverlay.swift in Sources */,
				458C6FBD76B81ED9682BD3DB /* PresetsPanel.swift in Sources */,
				A3DB39BCA3EFF418F70098A1 /* SoundDetailSheet.swift in Sources */,
				9BC6A71C2D2B3E97C92DE35B /* SpatialAudioPanel.swift in Sources */,
				6A933D488E2142F53F29D02E /* TimerUnlockPanel.swift in Sources */,
				8D65D476B141204C8FDD8D21 /* RootView.swift in Sources */,
			);
			runOnlyForDeploymentPostprocessing = 0;
		};
		FAD7E1545E1583A21AE86D14 /* Sources */ = {
			isa = PBXSourcesBuildPhase;
			buildActionMask = 2147483647;
			files = (
				44F4917FBF7064CC2AD1D7DF /* OasisNativePremiumFlowTests.swift in Sources */,
				D7B97038BFB06D9F750AFB13 /* OasisNativeScreenshots.swift in Sources */,
				5D7BBCFA3EFC0FF5C479984C /* SnapshotHelper.swift in Sources */,
			);
			runOnlyForDeploymentPostprocessing = 0;
		};
/* End PBXSourcesBuildPhase section */

/* Begin PBXTargetDependency section */
		68618AF831FF0D8FFA99B116 /* PBXTargetDependency */ = {
			isa = PBXTargetDependency;
			name = OasisNative;
			target = 1A35AA4B7425FC09A7466F71 /* OasisNative */;
			targetProxy = C15687D70D4E3C199862A168 /* PBXContainerItemProxy */;
		};
/* End PBXTargetDependency section */

/* Begin XCBuildConfiguration section */
		1A3B32078F6569E6BB77664D /* Release */ = {
			isa = XCBuildConfiguration;
			buildSettings = {
				ALWAYS_SEARCH_USER_PATHS = NO;
				CLANG_ANALYZER_NONNULL = YES;
				CLANG_ANALYZER_NUMBER_OBJECT_CONVERSION = YES_AGGRESSIVE;
				CLANG_CXX_LANGUAGE_STANDARD = "gnu++14";
				CLANG_CXX_LIBRARY = "libc++";
				CLANG_ENABLE_MODULES = YES;
				CLANG_ENABLE_OBJC_ARC = YES;
				CLANG_ENABLE_OBJC_WEAK = YES;
				CLANG_WARN_BLOCK_CAPTURE_AUTORELEASING = YES;
				CLANG_WARN_BOOL_CONVERSION = YES;
				CLANG_WARN_COMMA = YES;
				CLANG_WARN_CONSTANT_CONVERSION = YES;
				CLANG_WARN_DEPRECATED_OBJC_IMPLEMENTATIONS = YES;
				CLANG_WARN_DIRECT_OBJC_ISA_USAGE = YES_ERROR;
				CLANG_WARN_DOCUMENTATION_COMMENTS = YES;
				CLANG_WARN_EMPTY_BODY = YES;
				CLANG_WARN_ENUM_CONVERSION = YES;
				CLANG_WARN_INFINITE_RECURSION = YES;
				CLANG_WARN_INT_CONVERSION = YES;
				CLANG_WARN_NON_LITERAL_NULL_CONVERSION = YES;
				CLANG_WARN_OBJC_IMPLICIT_RETAIN_SELF = YES;
				CLANG_WARN_OBJC_LITERAL_CONVERSION = YES;
				CLANG_WARN_OBJC_ROOT_CLASS = YES_ERROR;
				CLANG_WARN_QUOTED_INCLUDE_IN_FRAMEWORK_HEADER = YES;
				CLANG_WARN_RANGE_LOOP_ANALYSIS = YES;
				CLANG_WARN_STRICT_PROTOTYPES = YES;
				CLANG_WARN_SUSPICIOUS_MOVE = YES;
				CLANG_WARN_UNGUARDED_AVAILABILITY = YES_AGGRESSIVE;
				CLANG_WARN_UNREACHABLE_CODE = YES;
				CLANG_WARN__DUPLICATE_METHOD_MATCH = YES;
				COPY_PHASE_STRIP = NO;
				DEBUG_INFORMATION_FORMAT = "dwarf-with-dsym";
				ENABLE_NS_ASSERTIONS = NO;
				ENABLE_STRICT_OBJC_MSGSEND = YES;
				GCC_C_LANGUAGE_STANDARD = gnu11;
				GCC_NO_COMMON_BLOCKS = YES;
				GCC_WARN_64_TO_32_BIT_CONVERSION = YES;
				GCC_WARN_ABOUT_RETURN_TYPE = YES_ERROR;
				GCC_WARN_UNDECLARED_SELECTOR = YES;
				GCC_WARN_UNINITIALIZED_AUTOS = YES_AGGRESSIVE;
				GCC_WARN_UNUSED_FUNCTION = YES;
				GCC_WARN_UNUSED_VARIABLE = YES;
				MTL_ENABLE_DEBUG_INFO = NO;
				MTL_FAST_MATH = YES;
				PRODUCT_NAME = "$(TARGET_NAME)";
				SWIFT_COMPILATION_MODE = wholemodule;
				SWIFT_OPTIMIZATION_LEVEL = "-O";
				SWIFT_VERSION = 5.0;
			};
			name = Release;
		};
		2F6F08F300B376CA6E0F0CEC /* Release */ = {
			isa = XCBuildConfiguration;
			buildSettings = {
				ASSETCATALOG_COMPILER_APPICON_NAME = AppIcon;
				ASSETCATALOG_COMPILER_GLOBAL_ACCENT_COLOR_NAME = AccentColor;
				CLANG_ENABLE_OBJC_WEAK = NO;
				CODE_SIGN_STYLE = Automatic;
				CURRENT_PROJECT_VERSION = 1;
				DEVELOPMENT_ASSET_PATHS = "\"\"";
				ENABLE_USER_SCRIPT_SANDBOXING = YES;
				GENERATE_INFOPLIST_FILE = NO;
				INFOPLIST_FILE = OasisNative/Support/Info.plist;
				"INFOPLIST_KEY_UIApplicationSceneManifest_Generation[sdk=iphoneos*]" = YES;
				"INFOPLIST_KEY_UIApplicationSceneManifest_Generation[sdk=iphonesimulator*]" = YES;
				"INFOPLIST_KEY_UILaunchScreen_Generation[sdk=iphoneos*]" = YES;
				"INFOPLIST_KEY_UILaunchScreen_Generation[sdk=iphonesimulator*]" = YES;
				"INFOPLIST_KEY_UIStatusBarStyle[sdk=iphoneos*]" = UIStatusBarStyleDefault;
				"INFOPLIST_KEY_UIStatusBarStyle[sdk=iphonesimulator*]" = UIStatusBarStyleDefault;
				IPHONEOS_DEPLOYMENT_TARGET = 18.0;
				LD_RUNPATH_SEARCH_PATHS = "$(inherited) @executable_path/Frameworks";
				MARKETING_VERSION = 1.3.0;
				PRODUCT_BUNDLE_IDENTIFIER = com.jonathanluquet.drift;
				PRODUCT_NAME = Oasis;
				SDKROOT = iphoneos;
				SWIFT_EMIT_LOC_STRINGS = YES;
				SWIFT_VERSION = 6.0;
				TARGETED_DEVICE_FAMILY = 1;
				VALIDATE_PRODUCT = YES;
			};
			name = Release;
		};
		64430D92F15BB713EEE2B9FD /* Debug */ = {
			isa = XCBuildConfiguration;
			buildSettings = {
				CLANG_ENABLE_OBJC_WEAK = NO;
				CODE_SIGN_STYLE = Automatic;
				ENABLE_USER_SCRIPT_SANDBOXING = YES;
				GENERATE_INFOPLIST_FILE = YES;
				IPHONEOS_DEPLOYMENT_TARGET = 18.0;
				PRODUCT_BUNDLE_IDENTIFIER = com.jonathanluquet.drift.UITests;
				PRODUCT_NAME = OasisNativeUITests;
				SDKROOT = iphoneos;
				SWIFT_VERSION = 6.0;
				TARGETED_DEVICE_FAMILY = 1;
				TEST_TARGET_NAME = OasisNative;
			};
			name = Debug;
		};
		7C600E84DD59A2920E4E7864 /* Debug */ = {
			isa = XCBuildConfiguration;
			buildSettings = {
				ALWAYS_SEARCH_USER_PATHS = NO;
				CLANG_ANALYZER_NONNULL = YES;
				CLANG_ANALYZER_NUMBER_OBJECT_CONVERSION = YES_AGGRESSIVE;
				CLANG_CXX_LANGUAGE_STANDARD = "gnu++14";
				CLANG_CXX_LIBRARY = "libc++";
				CLANG_ENABLE_MODULES = YES;
				CLANG_ENABLE_OBJC_ARC = YES;
				CLANG_ENABLE_OBJC_WEAK = YES;
				CLANG_WARN_BLOCK_CAPTURE_AUTORELEASING = YES;
				CLANG_WARN_BOOL_CONVERSION = YES;
				CLANG_WARN_COMMA = YES;
				CLANG_WARN_CONSTANT_CONVERSION = YES;
				CLANG_WARN_DEPRECATED_OBJC_IMPLEMENTATIONS = YES;
				CLANG_WARN_DIRECT_OBJC_ISA_USAGE = YES_ERROR;
				CLANG_WARN_DOCUMENTATION_COMMENTS = YES;
				CLANG_WARN_EMPTY_BODY = YES;
				CLANG_WARN_ENUM_CONVERSION = YES;
				CLANG_WARN_INFINITE_RECURSION = YES;
				CLANG_WARN_INT_CONVERSION = YES;
				CLANG_WARN_NON_LITERAL_NULL_CONVERSION = YES;
				CLANG_WARN_OBJC_IMPLICIT_RETAIN_SELF = YES;
				CLANG_WARN_OBJC_LITERAL_CONVERSION = YES;
				CLANG_WARN_OBJC_ROOT_CLASS = YES_ERROR;
				CLANG_WARN_QUOTED_INCLUDE_IN_FRAMEWORK_HEADER = YES;
				CLANG_WARN_RANGE_LOOP_ANALYSIS = YES;
				CLANG_WARN_STRICT_PROTOTYPES = YES;
				CLANG_WARN_SUSPICIOUS_MOVE = YES;
				CLANG_WARN_UNGUARDED_AVAILABILITY = YES_AGGRESSIVE;
				CLANG_WARN_UNREACHABLE_CODE = YES;
				CLANG_WARN__DUPLICATE_METHOD_MATCH = YES;
				COPY_PHASE_STRIP = NO;
				DEBUG_INFORMATION_FORMAT = dwarf;
				ENABLE_STRICT_OBJC_MSGSEND = YES;
				ENABLE_TESTABILITY = YES;
				GCC_C_LANGUAGE_STANDARD = gnu11;
				GCC_DYNAMIC_NO_PIC = NO;
				GCC_NO_COMMON_BLOCKS = YES;
				GCC_OPTIMIZATION_LEVEL = 0;
				GCC_PREPROCESSOR_DEFINITIONS = (
					"DEBUG=1",
					"$(inherited)",
				);
				GCC_WARN_64_TO_32_BIT_CONVERSION = YES;
				GCC_WARN_ABOUT_RETURN_TYPE = YES_ERROR;
				GCC_WARN_UNDECLARED_SELECTOR = YES;
				GCC_WARN_UNINITIALIZED_AUTOS = YES_AGGRESSIVE;
				GCC_WARN_UNUSED_FUNCTION = YES;
				GCC_WARN_UNUSED_VARIABLE = YES;
				MTL_ENABLE_DEBUG_INFO = INCLUDE_SOURCE;
				MTL_FAST_MATH = YES;
				ONLY_ACTIVE_ARCH = YES;
				PRODUCT_NAME = "$(TARGET_NAME)";
				SWIFT_ACTIVE_COMPILATION_CONDITIONS = DEBUG;
				SWIFT_OPTIMIZATION_LEVEL = "-Onone";
				SWIFT_VERSION = 5.0;
			};
			name = Debug;
		};
		7DE6310F43AE003F0825495A /* Debug */ = {
			isa = XCBuildConfiguration;
			buildSettings = {
				ASSETCATALOG_COMPILER_APPICON_NAME = AppIcon;
				ASSETCATALOG_COMPILER_GLOBAL_ACCENT_COLOR_NAME = AccentColor;
				CLANG_ENABLE_OBJC_WEAK = NO;
				CODE_SIGN_STYLE = Automatic;
				CURRENT_PROJECT_VERSION = 1;
				DEVELOPMENT_ASSET_PATHS = "\"\"";
				ENABLE_USER_SCRIPT_SANDBOXING = YES;
				GENERATE_INFOPLIST_FILE = NO;
				INFOPLIST_FILE = OasisNative/Support/Info.plist;
				"INFOPLIST_KEY_UIApplicationSceneManifest_Generation[sdk=iphoneos*]" = YES;
				"INFOPLIST_KEY_UIApplicationSceneManifest_Generation[sdk=iphonesimulator*]" = YES;
				"INFOPLIST_KEY_UILaunchScreen_Generation[sdk=iphoneos*]" = YES;
				"INFOPLIST_KEY_UILaunchScreen_Generation[sdk=iphonesimulator*]" = YES;
				"INFOPLIST_KEY_UIStatusBarStyle[sdk=iphoneos*]" = UIStatusBarStyleDefault;
				"INFOPLIST_KEY_UIStatusBarStyle[sdk=iphonesimulator*]" = UIStatusBarStyleDefault;
				IPHONEOS_DEPLOYMENT_TARGET = 18.0;
				LD_RUNPATH_SEARCH_PATHS = "$(inherited) @executable_path/Frameworks";
				MARKETING_VERSION = 1.3.0;
				PRODUCT_BUNDLE_IDENTIFIER = com.jonathanluquet.drift;
				PRODUCT_NAME = Oasis;
				SDKROOT = iphoneos;
				SWIFT_EMIT_LOC_STRINGS = YES;
				SWIFT_VERSION = 6.0;
				TARGETED_DEVICE_FAMILY = 1;
			};
			name = Debug;
		};
		9FA0E70CB31468893241BD6F /* Release */ = {
			isa = XCBuildConfiguration;
			buildSettings = {
				CLANG_ENABLE_OBJC_WEAK = NO;
				CODE_SIGN_STYLE = Automatic;
				ENABLE_USER_SCRIPT_SANDBOXING = YES;
				GENERATE_INFOPLIST_FILE = YES;
				IPHONEOS_DEPLOYMENT_TARGET = 18.0;
				PRODUCT_BUNDLE_IDENTIFIER = com.jonathanluquet.drift.UITests;
				PRODUCT_NAME = OasisNativeUITests;
				SDKROOT = iphoneos;
				SWIFT_VERSION = 6.0;
				TARGETED_DEVICE_FAMILY = 1;
				TEST_TARGET_NAME = OasisNative;
				VALIDATE_PRODUCT = YES;
			};
			name = Release;
		};
/* End XCBuildConfiguration section */

/* Begin XCConfigurationList section */
		865502454EB8E2D5E16FD219 /* Build configuration list for PBXNativeTarget "OasisNativeUITests" */ = {
			isa = XCConfigurationList;
			buildConfigurations = (
				9FA0E70CB31468893241BD6F /* Release */,
				64430D92F15BB713EEE2B9FD /* Debug */,
			);
			defaultConfigurationIsVisible = 0;
			defaultConfigurationName = Release;
		};
		93058A88863324355D5571B5 /* Build configuration list for PBXNativeTarget "OasisNative" */ = {
			isa = XCConfigurationList;
			buildConfigurations = (
				2F6F08F300B376CA6E0F0CEC /* Release */,
				7DE6310F43AE003F0825495A /* Debug */,
			);
			defaultConfigurationIsVisible = 0;
			defaultConfigurationName = Release;
		};
		F822A07C456E6946DF8C9385 /* Build configuration list for PBXProject "OasisNative" */ = {
			isa = XCConfigurationList;
			buildConfigurations = (
				7C600E84DD59A2920E4E7864 /* Debug */,
				1A3B32078F6569E6BB77664D /* Release */,
			);
			defaultConfigurationIsVisible = 0;
			defaultConfigurationName = Release;
		};
/* End XCConfigurationList section */

/* Begin XCRemoteSwiftPackageReference section */
		4EE29D863B72E9A9F9DE1A20 /* XCRemoteSwiftPackageReference "purchases-ios-spm" */ = {
			isa = XCRemoteSwiftPackageReference;
			repositoryURL = "https://github.com/RevenueCat/purchases-ios-spm.git";
			requirement = {
				kind = upToNextMajorVersion;
				minimumVersion = 5.43.0;
			};
		};
/* End XCRemoteSwiftPackageReference section */

/* Begin XCSwiftPackageProductDependency section */
		B71944C0B545C137BB2B3F1B /* RevenueCatUI */ = {
			isa = XCSwiftPackageProductDependency;
			package = 4EE29D863B72E9A9F9DE1A20 /* XCRemoteSwiftPackageReference "purchases-ios-spm" */;
			productName = RevenueCatUI;
		};
		C585B050BB2BDE579E7791E8 /* RevenueCat */ = {
			isa = XCSwiftPackageProductDependency;
			package = 4EE29D863B72E9A9F9DE1A20 /* XCRemoteSwiftPackageReference "purchases-ios-spm" */;
			productName = RevenueCat;
		};
/* End XCSwiftPackageProductDependency section */
	};
	rootObject = 4814063F008B0B299BC02866 /* Project object */;
}
