// !$*UTF8*$!
{
	archiveVersion = 1;
	classes = {
	};
	objectVersion = 54;
	objects = {

/* Begin PBXBuildFile section */
		0334935BBD965B59D9B77AF6 /* riviere1.m4a in Resources */ = {isa = PBXBuildFile; fileRef = 99548CB00C7B0D1BBF21999D /* riviere1.m4a */; };
		059CA30DA6F257BCA414247A /* grillons1.m4a in Resources */ = {isa = PBXBuildFile; fileRef = ECE725934748941A93BAF895 /* grillons1.m4a */; };
		125850EAF1A66D091E6AD8AD /* AudioMixerEngine.swift in Sources */ = {isa = PBXBuildFile; fileRef = B35CBE23EC1AB927AA54E778 /* AudioMixerEngine.swift */; };
		134BA4E93EAA86B616111186 /* AppCopy.swift in Sources */ = {isa = PBXBuildFile; fileRef = A19CD6BCB66AA0DA1F636CDE /* AppCopy.swift */; };
		15D19526F99C2A572BCD1907 /* cigales1.m4a in Resources */ = {isa = PBXBuildFile; fileRef = 27570E14280BC1D769124BB1 /* cigales1.m4a */; };
		211DF46C6E0D1285906FCAA2 /* OasisNativeApp.swift in Sources */ = {isa = PBXBuildFile; fileRef = 3C7778979847E3136D28DE01 /* OasisNativeApp.swift */; };
		27084A99C34246A0B051A1E2 /* goelants1.m4a in Resources */ = {isa = PBXBuildFile; fileRef = C600FCF4288DA0751BFFDBCB /* goelants1.m4a */; };
		2E3AD02792531F00319D0E6C /* AppConfiguration.swift in Sources */ = {isa = PBXBuildFile; fileRef = 9442EB195C5ADEED4970817C /* AppConfiguration.swift */; };
		349F147375017E176995D776 /* PaywallOverlay.swift in Sources */ = {isa = PBXBuildFile; fileRef = 8C264C1953F9C88C60E20AFB /* PaywallOverlay.swift */; };
		377E6A80603CF120F56D3F97 /* RoutePickerView.swift in Sources */ = {isa = PBXBuildFile; fileRef = 5BED8A407B3D0F2DC3DB46A3 /* RoutePickerView.swift */; };
		44FE7869077945D88ECAACF1 /* train1.m4a in Resources */ = {isa = PBXBuildFile; fileRef = 0C80EBACE8A5BE0AA1DDB26C /* train1.m4a */; };
		4746B7BE2C415047CE2B257C /* 4_binaural_focus_beta.m4a in Resources */ = {isa = PBXBuildFile; fileRef = 689396247885ECC5DB263E7B /* 4_binaural_focus_beta.m4a */; };
		54F1F2EBDFF957F3EDEF5298 /* Assets.xcassets in Resources */ = {isa = PBXBuildFile; fileRef = 90E1222CA6363E80CB8D8989 /* Assets.xcassets */; };
		5B70FA647F3BC3867E169A1F /* voiture1.m4a in Resources */ = {isa = PBXBuildFile; fileRef = 280CFCDD99002F26045C8262 /* voiture1.m4a */; };
		67AC3DAF3D3F43283457EE1E /* BinauralPanel.swift in Sources */ = {isa = PBXBuildFile; fileRef = 1A035C5FD35C7330B49099B0 /* BinauralPanel.swift */; };
		6B04FE8D05BFAA0AECF5E333 /* AppModel.swift in Sources */ = {isa = PBXBuildFile; fileRef = 49C773E12C056A7575E2960F /* AppModel.swift */; };
		7197F5071ED1123D46A3B632 /* AppModels.swift in Sources */ = {isa = PBXBuildFile; fileRef = 2CC0FD4AE58BE2BCCACA882F /* AppModels.swift */; };
		89A0A09CE3518E9450705B3E /* Foundation.framework in Frameworks */ = {isa = PBXBuildFile; fileRef = E0A8AE6427907A37A3801183 /* Foundation.framework */; };
		901D0B047C97A828FD423FBB /* PresetsPanel.swift in Sources */ = {isa = PBXBuildFile; fileRef = 10E53FBFC3D94C0A54AD22BD /* PresetsPanel.swift */; };
		90AF8D951268DB04E10C0AD6 /* pluie1.m4a in Resources */ = {isa = PBXBuildFile; fileRef = F6031EF8B9D819DCF8B7C940 /* pluie1.m4a */; };
		A6D96D6960B8C2F67E8EAEEE /* vent1.m4a in Resources */ = {isa = PBXBuildFile; fileRef = F570A9F04DDE6D2EB978FA04 /* vent1.m4a */; };
		B8BE16E0C9C5208D2ADDDCDE /* LiquidAuraShaders.metal in Sources */ = {isa = PBXBuildFile; fileRef = C53C86BC1A133509703A47F4 /* LiquidAuraShaders.metal */; };
		BD7F5B02B1E29EDD1570A794 /* SharedComponents.swift in Sources */ = {isa = PBXBuildFile; fileRef = DECB79D150754C009DCDC478 /* SharedComponents.swift */; };
		C8D5C4BA75E7CD1D47847899 /* 3_binaural_relax_alpha.m4a in Resources */ = {isa = PBXBuildFile; fileRef = 4E76FC891B16D2CAACD0F387 /* 3_binaural_relax_alpha.m4a */; };
		CDAF722F682B8653718EB59E /* tente1.m4a in Resources */ = {isa = PBXBuildFile; fileRef = 0513FBC436267157C013BBF6 /* tente1.m4a */; };
		E3678889F07AD16FCCC06C2E /* plage1.m4a in Resources */ = {isa = PBXBuildFile; fileRef = 8060C6960D568882E64AA502 /* plage1.m4a */; };
		E40C471733526B6483D29DBC /* oasisLogo.png in Resources */ = {isa = PBXBuildFile; fileRef = FEBB4A2023AD98478835C06F /* oasisLogo.png */; };
		E629CDAA00A2770F87467329 /* HomeView.swift in Sources */ = {isa = PBXBuildFile; fileRef = FE4BDA2D53BB96EA3E06C21B /* HomeView.swift */; };
		E6EEBCA6663F1ABD1F4C3360 /* orage1.m4a in Resources */ = {isa = PBXBuildFile; fileRef = 090A00D00A0CF5C66860BE5E /* orage1.m4a */; };
		E82C61FEE380D8E2F652ADC3 /* oiseaux1.m4a in Resources */ = {isa = PBXBuildFile; fileRef = 22247EA79A2DB15A11B2FBBF /* oiseaux1.m4a */; };
		E9C6F404153E1C3824378AB9 /* ville1.m4a in Resources */ = {isa = PBXBuildFile; fileRef = 3314BB05987035DD8882EEB6 /* ville1.m4a */; };
		EB8E14C4811EBEB60795F10B /* 2_binaural_meditation_theta.m4a in Resources */ = {isa = PBXBuildFile; fileRef = 0F8A6EC43193A5888BA26F28 /* 2_binaural_meditation_theta.m4a */; };
		F24FE66155F1CDFCE4941056 /* foret1.m4a in Resources */ = {isa = PBXBuildFile; fileRef = 75FAC2CD419E9FA4FB8E6FA2 /* foret1.m4a */; };
		FCA5999D1E1B09F0155A612C /* 1_binaural_sleep_delta.m4a in Resources */ = {isa = PBXBuildFile; fileRef = 4F3C44EF78665F525C96DB85 /* 1_binaural_sleep_delta.m4a */; };
/* End PBXBuildFile section */

/* Begin PBXFileReference section */
		0513FBC436267157C013BBF6 /* tente1.m4a */ = {isa = PBXFileReference; includeInIndex = 1; lastKnownFileType = file; path = tente1.m4a; sourceTree = "<group>"; };
		090A00D00A0CF5C66860BE5E /* orage1.m4a */ = {isa = PBXFileReference; includeInIndex = 1; lastKnownFileType = file; path = orage1.m4a; sourceTree = "<group>"; };
		0C80EBACE8A5BE0AA1DDB26C /* train1.m4a */ = {isa = PBXFileReference; includeInIndex = 1; lastKnownFileType = file; path = train1.m4a; sourceTree = "<group>"; };
		0F8A6EC43193A5888BA26F28 /* 2_binaural_meditation_theta.m4a */ = {isa = PBXFileReference; includeInIndex = 1; lastKnownFileType = file; path = 2_binaural_meditation_theta.m4a; sourceTree = "<group>"; };
		10E53FBFC3D94C0A54AD22BD /* PresetsPanel.swift */ = {isa = PBXFileReference; includeInIndex = 1; lastKnownFileType = sourcecode.swift; path = PresetsPanel.swift; sourceTree = "<group>"; };
		1A035C5FD35C7330B49099B0 /* BinauralPanel.swift */ = {isa = PBXFileReference; includeInIndex = 1; lastKnownFileType = sourcecode.swift; path = BinauralPanel.swift; sourceTree = "<group>"; };
		22247EA79A2DB15A11B2FBBF /* oiseaux1.m4a */ = {isa = PBXFileReference; includeInIndex = 1; lastKnownFileType = file; path = oiseaux1.m4a; sourceTree = "<group>"; };
		27570E14280BC1D769124BB1 /* cigales1.m4a */ = {isa = PBXFileReference; includeInIndex = 1; lastKnownFileType = file; path = cigales1.m4a; sourceTree = "<group>"; };
		280CFCDD99002F26045C8262 /* voiture1.m4a */ = {isa = PBXFileReference; includeInIndex = 1; lastKnownFileType = file; path = voiture1.m4a; sourceTree = "<group>"; };
		2CC0FD4AE58BE2BCCACA882F /* AppModels.swift */ = {isa = PBXFileReference; includeInIndex = 1; lastKnownFileType = sourcecode.swift; path = AppModels.swift; sourceTree = "<group>"; };
		3314BB05987035DD8882EEB6 /* ville1.m4a */ = {isa = PBXFileReference; includeInIndex = 1; lastKnownFileType = file; path = ville1.m4a; sourceTree = "<group>"; };
		3C7778979847E3136D28DE01 /* OasisNativeApp.swift */ = {isa = PBXFileReference; includeInIndex = 1; lastKnownFileType = sourcecode.swift; path = OasisNativeApp.swift; sourceTree = "<group>"; };
		443263A163DCFC44B3FBADC3 /* Info.plist */ = {isa = PBXFileReference; includeInIndex = 1; lastKnownFileType = text.plist.xml; path = Info.plist; sourceTree = "<group>"; };
		49C773E12C056A7575E2960F /* AppModel.swift */ = {isa = PBXFileReference; includeInIndex = 1; lastKnownFileType = sourcecode.swift; path = AppModel.swift; sourceTree = "<group>"; };
		4E76FC891B16D2CAACD0F387 /* 3_binaural_relax_alpha.m4a */ = {isa = PBXFileReference; includeInIndex = 1; lastKnownFileType = file; path = 3_binaural_relax_alpha.m4a; sourceTree = "<group>"; };
		4F3C44EF78665F525C96DB85 /* 1_binaural_sleep_delta.m4a */ = {isa = PBXFileReference; includeInIndex = 1; lastKnownFileType = file; path = 1_binaural_sleep_delta.m4a; sourceTree = "<group>"; };
		5BED8A407B3D0F2DC3DB46A3 /* RoutePickerView.swift */ = {isa = PBXFileReference; includeInIndex = 1; lastKnownFileType = sourcecode.swift; path = RoutePickerView.swift; sourceTree = "<group>"; };
		689396247885ECC5DB263E7B /* 4_binaural_focus_beta.m4a */ = {isa = PBXFileReference; includeInIndex = 1; lastKnownFileType = file; path = 4_binaural_focus_beta.m4a; sourceTree = "<group>"; };
		75FAC2CD419E9FA4FB8E6FA2 /* foret1.m4a */ = {isa = PBXFileReference; includeInIndex = 1; lastKnownFileType = file; path = foret1.m4a; sourceTree = "<group>"; };
		8060C6960D568882E64AA502 /* plage1.m4a */ = {isa = PBXFileReference; includeInIndex = 1; lastKnownFileType = file; path = plage1.m4a; sourceTree = "<group>"; };
		8C264C1953F9C88C60E20AFB /* PaywallOverlay.swift */ = {isa = PBXFileReference; includeInIndex = 1; lastKnownFileType = sourcecode.swift; path = PaywallOverlay.swift; sourceTree = "<group>"; };
		90E1222CA6363E80CB8D8989 /* Assets.xcassets */ = {isa = PBXFileReference; includeInIndex = 1; lastKnownFileType = folder.assetcatalog; path = Assets.xcassets; sourceTree = "<group>"; };
		9442EB195C5ADEED4970817C /* AppConfiguration.swift */ = {isa = PBXFileReference; includeInIndex = 1; lastKnownFileType = sourcecode.swift; path = AppConfiguration.swift; sourceTree = "<group>"; };
		99548CB00C7B0D1BBF21999D /* riviere1.m4a */ = {isa = PBXFileReference; includeInIndex = 1; lastKnownFileType = file; path = riviere1.m4a; sourceTree = "<group>"; };
		A19CD6BCB66AA0DA1F636CDE /* AppCopy.swift */ = {isa = PBXFileReference; includeInIndex = 1; lastKnownFileType = sourcecode.swift; path = AppCopy.swift; sourceTree = "<group>"; };
		B35CBE23EC1AB927AA54E778 /* AudioMixerEngine.swift */ = {isa = PBXFileReference; includeInIndex = 1; lastKnownFileType = sourcecode.swift; path = AudioMixerEngine.swift; sourceTree = "<group>"; };
		C36B904F9B1478DF0766CC0F /* Oasis.app */ = {isa = PBXFileReference; explicitFileType = wrapper.application; includeInIndex = 0; path = Oasis.app; sourceTree = BUILT_PRODUCTS_DIR; };
		C53C86BC1A133509703A47F4 /* LiquidAuraShaders.metal */ = {isa = PBXFileReference; includeInIndex = 1; lastKnownFileType = sourcecode.metal; path = LiquidAuraShaders.metal; sourceTree = "<group>"; };
		C600FCF4288DA0751BFFDBCB /* goelants1.m4a */ = {isa = PBXFileReference; includeInIndex = 1; lastKnownFileType = file; path = goelants1.m4a; sourceTree = "<group>"; };
		DECB79D150754C009DCDC478 /* SharedComponents.swift */ = {isa = PBXFileReference; includeInIndex = 1; lastKnownFileType = sourcecode.swift; path = SharedComponents.swift; sourceTree = "<group>"; };
		E0A8AE6427907A37A3801183 /* Foundation.framework */ = {isa = PBXFileReference; lastKnownFileType = wrapper.framework; name = Foundation.framework; path = Platforms/iPhoneOS.platform/Developer/SDKs/iPhoneOS18.0.sdk/System/Library/Frameworks/Foundation.framework; sourceTree = DEVELOPER_DIR; };
		ECE725934748941A93BAF895 /* grillons1.m4a */ = {isa = PBXFileReference; includeInIndex = 1; lastKnownFileType = file; path = grillons1.m4a; sourceTree = "<group>"; };
		F570A9F04DDE6D2EB978FA04 /* vent1.m4a */ = {isa = PBXFileReference; includeInIndex = 1; lastKnownFileType = file; path = vent1.m4a; sourceTree = "<group>"; };
		F6031EF8B9D819DCF8B7C940 /* pluie1.m4a */ = {isa = PBXFileReference; includeInIndex = 1; lastKnownFileType = file; path = pluie1.m4a; sourceTree = "<group>"; };
		FE4BDA2D53BB96EA3E06C21B /* HomeView.swift */ = {isa = PBXFileReference; includeInIndex = 1; lastKnownFileType = sourcecode.swift; path = HomeView.swift; sourceTree = "<group>"; };
		FEBB4A2023AD98478835C06F /* oasisLogo.png */ = {isa = PBXFileReference; includeInIndex = 1; lastKnownFileType = image.png; path = oasisLogo.png; sourceTree = "<group>"; };
/* End PBXFileReference section */

/* Begin PBXFrameworksBuildPhase section */
		C1A4A73B6B8C617CF3D9FD9E /* Frameworks */ = {
			isa = PBXFrameworksBuildPhase;
			buildActionMask = 2147483647;
			files = (
				89A0A09CE3518E9450705B3E /* Foundation.framework in Frameworks */,
			);
			runOnlyForDeploymentPostprocessing = 0;
		};
/* End PBXFrameworksBuildPhase section */

/* Begin PBXGroup section */
		1B441B80C7AB82E223462096 = {
			isa = PBXGroup;
			children = (
				1CB752515FB9C1FDF8758479 /* Products */,
				2A971269A7BB6D542A251A70 /* Frameworks */,
				2CB27E280CE88E44F708338A /* OasisNative */,
			);
			sourceTree = "<group>";
		};
		1CB752515FB9C1FDF8758479 /* Products */ = {
			isa = PBXGroup;
			children = (
				C36B904F9B1478DF0766CC0F /* Oasis.app */,
			);
			name = Products;
			sourceTree = "<group>";
		};
		206A661F0214927609D1FABD /* Services */ = {
			isa = PBXGroup;
			children = (
				49C773E12C056A7575E2960F /* AppModel.swift */,
				B35CBE23EC1AB927AA54E778 /* AudioMixerEngine.swift */,
			);
			path = Services;
			sourceTree = "<group>";
		};
		2A971269A7BB6D542A251A70 /* Frameworks */ = {
			isa = PBXGroup;
			children = (
				5B7486515697CBB694B0FDD3 /* iOS */,
			);
			name = Frameworks;
			sourceTree = "<group>";
		};
		2CB27E280CE88E44F708338A /* OasisNative */ = {
			isa = PBXGroup;
			children = (
				90E1222CA6363E80CB8D8989 /* Assets.xcassets */,
				66ACC51807AD902E2213FC77 /* Models */,
				3C7778979847E3136D28DE01 /* OasisNativeApp.swift */,
				ED53AC55BCB68D3B8B099D62 /* Resources */,
				206A661F0214927609D1FABD /* Services */,
				63A19923B6F7865ECAD78047 /* Support */,
				52E9C618D6E0B423131968BC /* Views */,
			);
			path = OasisNative;
			sourceTree = "<group>";
		};
		36DB2833B07EB5EA94055E0A /* Images */ = {
			isa = PBXGroup;
			children = (
				FEBB4A2023AD98478835C06F /* oasisLogo.png */,
			);
			path = Images;
			sourceTree = "<group>";
		};
		3E494853B0063DC80BDAB5CD /* Audio */ = {
			isa = PBXGroup;
			children = (
				4F3C44EF78665F525C96DB85 /* 1_binaural_sleep_delta.m4a */,
				0F8A6EC43193A5888BA26F28 /* 2_binaural_meditation_theta.m4a */,
				4E76FC891B16D2CAACD0F387 /* 3_binaural_relax_alpha.m4a */,
				689396247885ECC5DB263E7B /* 4_binaural_focus_beta.m4a */,
				27570E14280BC1D769124BB1 /* cigales1.m4a */,
				75FAC2CD419E9FA4FB8E6FA2 /* foret1.m4a */,
				C600FCF4288DA0751BFFDBCB /* goelants1.m4a */,
				ECE725934748941A93BAF895 /* grillons1.m4a */,
				22247EA79A2DB15A11B2FBBF /* oiseaux1.m4a */,
				090A00D00A0CF5C66860BE5E /* orage1.m4a */,
				8060C6960D568882E64AA502 /* plage1.m4a */,
				F6031EF8B9D819DCF8B7C940 /* pluie1.m4a */,
				99548CB00C7B0D1BBF21999D /* riviere1.m4a */,
				0513FBC436267157C013BBF6 /* tente1.m4a */,
				0C80EBACE8A5BE0AA1DDB26C /* train1.m4a */,
				F570A9F04DDE6D2EB978FA04 /* vent1.m4a */,
				3314BB05987035DD8882EEB6 /* ville1.m4a */,
				280CFCDD99002F26045C8262 /* voiture1.m4a */,
			);
			path = Audio;
			sourceTree = "<group>";
		};
		52E9C618D6E0B423131968BC /* Views */ = {
			isa = PBXGroup;
			children = (
				9BBFDF7ADEDFF6C2AC9B2B08 /* Components */,
				FE4BDA2D53BB96EA3E06C21B /* HomeView.swift */,
				7A0B63FF0E579AC4A2455415 /* Overlays */,
			);
			path = Views;
			sourceTree = "<group>";
		};
		5B7486515697CBB694B0FDD3 /* iOS */ = {
			isa = PBXGroup;
			children = (
				E0A8AE6427907A37A3801183 /* Foundation.framework */,
			);
			name = iOS;
			sourceTree = "<group>";
		};
		63A19923B6F7865ECAD78047 /* Support */ = {
			isa = PBXGroup;
			children = (
				9442EB195C5ADEED4970817C /* AppConfiguration.swift */,
				443263A163DCFC44B3FBADC3 /* Info.plist */,
				C53C86BC1A133509703A47F4 /* LiquidAuraShaders.metal */,
				5BED8A407B3D0F2DC3DB46A3 /* RoutePickerView.swift */,
			);
			path = Support;
			sourceTree = "<group>";
		};
		66ACC51807AD902E2213FC77 /* Models */ = {
			isa = PBXGroup;
			children = (
				A19CD6BCB66AA0DA1F636CDE /* AppCopy.swift */,
				2CC0FD4AE58BE2BCCACA882F /* AppModels.swift */,
			);
			path = Models;
			sourceTree = "<group>";
		};
		7A0B63FF0E579AC4A2455415 /* Overlays */ = {
			isa = PBXGroup;
			children = (
				1A035C5FD35C7330B49099B0 /* BinauralPanel.swift */,
				8C264C1953F9C88C60E20AFB /* PaywallOverlay.swift */,
				10E53FBFC3D94C0A54AD22BD /* PresetsPanel.swift */,
			);
			path = Overlays;
			sourceTree = "<group>";
		};
		9BBFDF7ADEDFF6C2AC9B2B08 /* Components */ = {
			isa = PBXGroup;
			children = (
				DECB79D150754C009DCDC478 /* SharedComponents.swift */,
			);
			path = Components;
			sourceTree = "<group>";
		};
		ED53AC55BCB68D3B8B099D62 /* Resources */ = {
			isa = PBXGroup;
			children = (
				3E494853B0063DC80BDAB5CD /* Audio */,
				36DB2833B07EB5EA94055E0A /* Images */,
			);
			path = Resources;
			sourceTree = "<group>";
		};
/* End PBXGroup section */

/* Begin PBXNativeTarget section */
		C13EAD371A7A00224B06979C /* OasisNative */ = {
			isa = PBXNativeTarget;
			buildConfigurationList = EFD03B1F5B16DE307C9D1F0B /* Build configuration list for PBXNativeTarget "OasisNative" */;
			buildPhases = (
				47BA6B9D2AFC569ACFB2D6BE /* Sources */,
				C1A4A73B6B8C617CF3D9FD9E /* Frameworks */,
				E3385BE800818683AEFBC603 /* Resources */,
			);
			buildRules = (
			);
			dependencies = (
			);
			name = OasisNative;
			productName = Oasis;
			productReference = C36B904F9B1478DF0766CC0F /* Oasis.app */;
			productType = "com.apple.product-type.application";
		};
/* End PBXNativeTarget section */

/* Begin PBXProject section */
		A0784B791DF1C9FC008A1AC6 /* Project object */ = {
			isa = PBXProject;
			attributes = {
				BuildIndependentTargetsInParallel = YES;
				LastSwiftUpdateCheck = 1600;
				LastUpgradeCheck = 2620;
				TargetAttributes = {
					C13EAD371A7A00224B06979C = {
						CreatedOnToolsVersion = 26.2;
					};
				};
			};
			buildConfigurationList = 8CD26CB9A1FB6A3B40F5BF16 /* Build configuration list for PBXProject "OasisNative" */;
			compatibilityVersion = "Xcode 3.2";
			developmentRegion = en;
			hasScannedForEncodings = 0;
			knownRegions = (
				en,
				Base,
			);
			mainGroup = 1B441B80C7AB82E223462096;
			productRefGroup = 1CB752515FB9C1FDF8758479 /* Products */;
			projectDirPath = "";
			projectRoot = "";
			targets = (
				C13EAD371A7A00224B06979C /* OasisNative */,
			);
		};
/* End PBXProject section */

/* Begin PBXResourcesBuildPhase section */
		E3385BE800818683AEFBC603 /* Resources */ = {
			isa = PBXResourcesBuildPhase;
			buildActionMask = 2147483647;
			files = (
				54F1F2EBDFF957F3EDEF5298 /* Assets.xcassets in Resources */,
				FCA5999D1E1B09F0155A612C /* 1_binaural_sleep_delta.m4a in Resources */,
				EB8E14C4811EBEB60795F10B /* 2_binaural_meditation_theta.m4a in Resources */,
				C8D5C4BA75E7CD1D47847899 /* 3_binaural_relax_alpha.m4a in Resources */,
				4746B7BE2C415047CE2B257C /* 4_binaural_focus_beta.m4a in Resources */,
				15D19526F99C2A572BCD1907 /* cigales1.m4a in Resources */,
				F24FE66155F1CDFCE4941056 /* foret1.m4a in Resources */,
				27084A99C34246A0B051A1E2 /* goelants1.m4a in Resources */,
				059CA30DA6F257BCA414247A /* grillons1.m4a in Resources */,
				E82C61FEE380D8E2F652ADC3 /* oiseaux1.m4a in Resources */,
				E6EEBCA6663F1ABD1F4C3360 /* orage1.m4a in Resources */,
				E3678889F07AD16FCCC06C2E /* plage1.m4a in Resources */,
				90AF8D951268DB04E10C0AD6 /* pluie1.m4a in Resources */,
				0334935BBD965B59D9B77AF6 /* riviere1.m4a in Resources */,
				CDAF722F682B8653718EB59E /* tente1.m4a in Resources */,
				44FE7869077945D88ECAACF1 /* train1.m4a in Resources */,
				A6D96D6960B8C2F67E8EAEEE /* vent1.m4a in Resources */,
				E9C6F404153E1C3824378AB9 /* ville1.m4a in Resources */,
				5B70FA647F3BC3867E169A1F /* voiture1.m4a in Resources */,
				E40C471733526B6483D29DBC /* oasisLogo.png in Resources */,
			);
			runOnlyForDeploymentPostprocessing = 0;
		};
/* End PBXResourcesBuildPhase section */

/* Begin PBXSourcesBuildPhase section */
		47BA6B9D2AFC569ACFB2D6BE /* Sources */ = {
			isa = PBXSourcesBuildPhase;
			buildActionMask = 2147483647;
			files = (
				134BA4E93EAA86B616111186 /* AppCopy.swift in Sources */,
				7197F5071ED1123D46A3B632 /* AppModels.swift in Sources */,
				211DF46C6E0D1285906FCAA2 /* OasisNativeApp.swift in Sources */,
				6B04FE8D05BFAA0AECF5E333 /* AppModel.swift in Sources */,
				125850EAF1A66D091E6AD8AD /* AudioMixerEngine.swift in Sources */,
				2E3AD02792531F00319D0E6C /* AppConfiguration.swift in Sources */,
				B8BE16E0C9C5208D2ADDDCDE /* LiquidAuraShaders.metal in Sources */,
				377E6A80603CF120F56D3F97 /* RoutePickerView.swift in Sources */,
				BD7F5B02B1E29EDD1570A794 /* SharedComponents.swift in Sources */,
				E629CDAA00A2770F87467329 /* HomeView.swift in Sources */,
				67AC3DAF3D3F43283457EE1E /* BinauralPanel.swift in Sources */,
				349F147375017E176995D776 /* PaywallOverlay.swift in Sources */,
				901D0B047C97A828FD423FBB /* PresetsPanel.swift in Sources */,
			);
			runOnlyForDeploymentPostprocessing = 0;
		};
/* End PBXSourcesBuildPhase section */

/* Begin XCBuildConfiguration section */
		251E7AB6FC95744984155AA1 /* Release */ = {
			isa = XCBuildConfiguration;
			buildSettings = {
				ALWAYS_SEARCH_USER_PATHS = NO;
				CLANG_ANALYZER_NONNULL = YES;
				CLANG_ANALYZER_NUMBER_OBJECT_CONVERSION = YES_AGGRESSIVE;
				CLANG_CXX_LANGUAGE_STANDARD = "gnu++14";
				CLANG_CXX_LIBRARY = "libc++";
				CLANG_ENABLE_MODULES = YES;
				CLANG_ENABLE_OBJC_ARC = YES;
				CLANG_ENABLE_OBJC_WEAK = YES;
				CLANG_WARN_BLOCK_CAPTURE_AUTORELEASING = YES;
				CLANG_WARN_BOOL_CONVERSION = YES;
				CLANG_WARN_COMMA = YES;
				CLANG_WARN_CONSTANT_CONVERSION = YES;
				CLANG_WARN_DEPRECATED_OBJC_IMPLEMENTATIONS = YES;
				CLANG_WARN_DIRECT_OBJC_ISA_USAGE = YES_ERROR;
				CLANG_WARN_DOCUMENTATION_COMMENTS = YES;
				CLANG_WARN_EMPTY_BODY = YES;
				CLANG_WARN_ENUM_CONVERSION = YES;
				CLANG_WARN_INFINITE_RECURSION = YES;
				CLANG_WARN_INT_CONVERSION = YES;
				CLANG_WARN_NON_LITERAL_NULL_CONVERSION = YES;
				CLANG_WARN_OBJC_IMPLICIT_RETAIN_SELF = YES;
				CLANG_WARN_OBJC_LITERAL_CONVERSION = YES;
				CLANG_WARN_OBJC_ROOT_CLASS = YES_ERROR;
				CLANG_WARN_QUOTED_INCLUDE_IN_FRAMEWORK_HEADER = YES;
				CLANG_WARN_RANGE_LOOP_ANALYSIS = YES;
				CLANG_WARN_STRICT_PROTOTYPES = YES;
				CLANG_WARN_SUSPICIOUS_MOVE = YES;
				CLANG_WARN_UNGUARDED_AVAILABILITY = YES_AGGRESSIVE;
				CLANG_WARN_UNREACHABLE_CODE = YES;
				CLANG_WARN__DUPLICATE_METHOD_MATCH = YES;
				COPY_PHASE_STRIP = NO;
				DEAD_CODE_STRIPPING = YES;
				DEBUG_INFORMATION_FORMAT = "dwarf-with-dsym";
				ENABLE_NS_ASSERTIONS = NO;
				ENABLE_STRICT_OBJC_MSGSEND = YES;
				GCC_C_LANGUAGE_STANDARD = gnu11;
				GCC_NO_COMMON_BLOCKS = YES;
				GCC_WARN_64_TO_32_BIT_CONVERSION = YES;
				GCC_WARN_ABOUT_RETURN_TYPE = YES_ERROR;
				GCC_WARN_UNDECLARED_SELECTOR = YES;
				GCC_WARN_UNINITIALIZED_AUTOS = YES_AGGRESSIVE;
				GCC_WARN_UNUSED_FUNCTION = YES;
				GCC_WARN_UNUSED_VARIABLE = YES;
				MTL_ENABLE_DEBUG_INFO = NO;
				MTL_FAST_MATH = YES;
				PRODUCT_NAME = "$(TARGET_NAME)";
				STRING_CATALOG_GENERATE_SYMBOLS = YES;
				SWIFT_COMPILATION_MODE = wholemodule;
				SWIFT_OPTIMIZATION_LEVEL = "-O";
				SWIFT_VERSION = 5.0;
			};
			name = Release;
		};
		B1896602393BD2389D961AE6 /* Release */ = {
			isa = XCBuildConfiguration;
			buildSettings = {
				ASSETCATALOG_COMPILER_APPICON_NAME = AppIcon;
				ASSETCATALOG_COMPILER_GLOBAL_ACCENT_COLOR_NAME = AccentColor;
				CLANG_ENABLE_OBJC_WEAK = NO;
				CODE_SIGN_STYLE = Automatic;
				CURRENT_PROJECT_VERSION = 1;
				DEVELOPMENT_ASSET_PATHS = "\"\"";
				ENABLE_USER_SCRIPT_SANDBOXING = YES;
				GENERATE_INFOPLIST_FILE = NO;
				INFOPLIST_FILE = OasisNative/Support/Info.plist;
				"INFOPLIST_KEY_UIApplicationSceneManifest_Generation[sdk=iphoneos*]" = YES;
				"INFOPLIST_KEY_UIApplicationSceneManifest_Generation[sdk=iphonesimulator*]" = YES;
				"INFOPLIST_KEY_UILaunchScreen_Generation[sdk=iphoneos*]" = YES;
				"INFOPLIST_KEY_UILaunchScreen_Generation[sdk=iphonesimulator*]" = YES;
				"INFOPLIST_KEY_UIStatusBarStyle[sdk=iphoneos*]" = UIStatusBarStyleDefault;
				"INFOPLIST_KEY_UIStatusBarStyle[sdk=iphonesimulator*]" = UIStatusBarStyleDefault;
				IPHONEOS_DEPLOYMENT_TARGET = 26.0;
				LD_RUNPATH_SEARCH_PATHS = (
					"$(inherited)",
					"@executable_path/Frameworks",
				);
				MARKETING_VERSION = 1.1.0;
				PRODUCT_BUNDLE_IDENTIFIER = com.jonathanluquet.drift;
				PRODUCT_NAME = Oasis;
				SDKROOT = iphoneos;
				SWIFT_EMIT_LOC_STRINGS = YES;
				SWIFT_VERSION = 6.0;
				TARGETED_DEVICE_FAMILY = 1;
				VALIDATE_PRODUCT = YES;
			};
			name = Release;
		};
		D5F75B477F91BA1503B557B7 /* Debug */ = {
			isa = XCBuildConfiguration;
			buildSettings = {
				ASSETCATALOG_COMPILER_APPICON_NAME = AppIcon;
				ASSETCATALOG_COMPILER_GLOBAL_ACCENT_COLOR_NAME = AccentColor;
				CLANG_ENABLE_OBJC_WEAK = NO;
				CODE_SIGN_STYLE = Automatic;
				CURRENT_PROJECT_VERSION = 1;
				DEVELOPMENT_ASSET_PATHS = "\"\"";
				ENABLE_USER_SCRIPT_SANDBOXING = YES;
				GENERATE_INFOPLIST_FILE = NO;
				INFOPLIST_FILE = OasisNative/Support/Info.plist;
				"INFOPLIST_KEY_UIApplicationSceneManifest_Generation[sdk=iphoneos*]" = YES;
				"INFOPLIST_KEY_UIApplicationSceneManifest_Generation[sdk=iphonesimulator*]" = YES;
				"INFOPLIST_KEY_UILaunchScreen_Generation[sdk=iphoneos*]" = YES;
				"INFOPLIST_KEY_UILaunchScreen_Generation[sdk=iphonesimulator*]" = YES;
				"INFOPLIST_KEY_UIStatusBarStyle[sdk=iphoneos*]" = UIStatusBarStyleDefault;
				"INFOPLIST_KEY_UIStatusBarStyle[sdk=iphonesimulator*]" = UIStatusBarStyleDefault;
				IPHONEOS_DEPLOYMENT_TARGET = 26.0;
				LD_RUNPATH_SEARCH_PATHS = (
					"$(inherited)",
					"@executable_path/Frameworks",
				);
				MARKETING_VERSION = 1.1.0;
				PRODUCT_BUNDLE_IDENTIFIER = com.jonathanluquet.drift;
				PRODUCT_NAME = Oasis;
				SDKROOT = iphoneos;
				SWIFT_EMIT_LOC_STRINGS = YES;
				SWIFT_VERSION = 6.0;
				TARGETED_DEVICE_FAMILY = 1;
			};
			name = Debug;
		};
		F21902125E3A0738AFF6BB27 /* Debug */ = {
			isa = XCBuildConfiguration;
			buildSettings = {
				ALWAYS_SEARCH_USER_PATHS = NO;
				CLANG_ANALYZER_NONNULL = YES;
				CLANG_ANALYZER_NUMBER_OBJECT_CONVERSION = YES_AGGRESSIVE;
				CLANG_CXX_LANGUAGE_STANDARD = "gnu++14";
				CLANG_CXX_LIBRARY = "libc++";
				CLANG_ENABLE_MODULES = YES;
				CLANG_ENABLE_OBJC_ARC = YES;
				CLANG_ENABLE_OBJC_WEAK = YES;
				CLANG_WARN_BLOCK_CAPTURE_AUTORELEASING = YES;
				CLANG_WARN_BOOL_CONVERSION = YES;
				CLANG_WARN_COMMA = YES;
				CLANG_WARN_CONSTANT_CONVERSION = YES;
				CLANG_WARN_DEPRECATED_OBJC_IMPLEMENTATIONS = YES;
				CLANG_WARN_DIRECT_OBJC_ISA_USAGE = YES_ERROR;
				CLANG_WARN_DOCUMENTATION_COMMENTS = YES;
				CLANG_WARN_EMPTY_BODY = YES;
				CLANG_WARN_ENUM_CONVERSION = YES;
				CLANG_WARN_INFINITE_RECURSION = YES;
				CLANG_WARN_INT_CONVERSION = YES;
				CLANG_WARN_NON_LITERAL_NULL_CONVERSION = YES;
				CLANG_WARN_OBJC_IMPLICIT_RETAIN_SELF = YES;
				CLANG_WARN_OBJC_LITERAL_CONVERSION = YES;
				CLANG_WARN_OBJC_ROOT_CLASS = YES_ERROR;
				CLANG_WARN_QUOTED_INCLUDE_IN_FRAMEWORK_HEADER = YES;
				CLANG_WARN_RANGE_LOOP_ANALYSIS = YES;
				CLANG_WARN_STRICT_PROTOTYPES = YES;
				CLANG_WARN_SUSPICIOUS_MOVE = YES;
				CLANG_WARN_UNGUARDED_AVAILABILITY = YES_AGGRESSIVE;
				CLANG_WARN_UNREACHABLE_CODE = YES;
				CLANG_WARN__DUPLICATE_METHOD_MATCH = YES;
				COPY_PHASE_STRIP = NO;
				DEAD_CODE_STRIPPING = YES;
				DEBUG_INFORMATION_FORMAT = dwarf;
				ENABLE_STRICT_OBJC_MSGSEND = YES;
				ENABLE_TESTABILITY = YES;
				GCC_C_LANGUAGE_STANDARD = gnu11;
				GCC_DYNAMIC_NO_PIC = NO;
				GCC_NO_COMMON_BLOCKS = YES;
				GCC_OPTIMIZATION_LEVEL = 0;
				GCC_PREPROCESSOR_DEFINITIONS = (
					"DEBUG=1",
					"$(inherited)",
				);
				GCC_WARN_64_TO_32_BIT_CONVERSION = YES;
				GCC_WARN_ABOUT_RETURN_TYPE = YES_ERROR;
				GCC_WARN_UNDECLARED_SELECTOR = YES;
				GCC_WARN_UNINITIALIZED_AUTOS = YES_AGGRESSIVE;
				GCC_WARN_UNUSED_FUNCTION = YES;
				GCC_WARN_UNUSED_VARIABLE = YES;
				MTL_ENABLE_DEBUG_INFO = INCLUDE_SOURCE;
				MTL_FAST_MATH = YES;
				ONLY_ACTIVE_ARCH = YES;
				PRODUCT_NAME = "$(TARGET_NAME)";
				STRING_CATALOG_GENERATE_SYMBOLS = YES;
				SWIFT_ACTIVE_COMPILATION_CONDITIONS = DEBUG;
				SWIFT_OPTIMIZATION_LEVEL = "-Onone";
				SWIFT_VERSION = 5.0;
			};
			name = Debug;
		};
/* End XCBuildConfiguration section */

/* Begin XCConfigurationList section */
		8CD26CB9A1FB6A3B40F5BF16 /* Build configuration list for PBXProject "OasisNative" */ = {
			isa = XCConfigurationList;
			buildConfigurations = (
				F21902125E3A0738AFF6BB27 /* Debug */,
				251E7AB6FC95744984155AA1 /* Release */,
			);
			defaultConfigurationIsVisible = 0;
			defaultConfigurationName = Release;
		};
		EFD03B1F5B16DE307C9D1F0B /* Build configuration list for PBXNativeTarget "OasisNative" */ = {
			isa = XCConfigurationList;
			buildConfigurations = (
				B1896602393BD2389D961AE6 /* Release */,
				D5F75B477F91BA1503B557B7 /* Debug */,
			);
			defaultConfigurationIsVisible = 0;
			defaultConfigurationName = Release;
		};
/* End XCConfigurationList section */
	};
	rootObject = A0784B791DF1C9FC008A1AC6 /* Project object */;
}
